
Microsoft Visual Studio Solution File, Format Version 12.00
# Visual Studio Version 17
VisualStudioVersion = 17.0.31903.59
MinimumVisualStudioVersion = 10.0.40219.1
Project("{2150E333-8FDC-42A3-9474-1A3956D46DE8}") = "src", "src", "{827E0CD3-B72D-47B6-A68D-7590B98EB39B}"
EndProject
Project("{2150E333-8FDC-42A3-9474-1A3956D46DE8}") = "Station.Shared", "Station.Shared", "{1785978C-D7A4-9B83-98F4-66F9C2B5473D}"
EndProject
Project("{2150E333-8FDC-42A3-9474-1A3956D46DE8}") = "Station.Desktop", "Station.Desktop", "{02EA681E-C7D8-13C7-8484-4AC65E1B71E8}"
EndProject
Project("{FAE04EC0-301F-11D3-BF4B-00C04F79EFBC}") = "Station.Crypto", "..\Station.Shared\Station.Crypto\Station.Crypto.csproj", "{212E75EF-6849-4D43-1F37-0603D6FA6CCA}"
EndProject
Project("{FAE04EC0-301F-11D3-BF4B-00C04F79EFBC}") = "Station.Application", "Station.Application\Station.Application.csproj", "{69443118-CCA0-0B94-49D4-E2A28E6063C8}"
EndProject
Project("{FAE04EC0-301F-11D3-BF4B-00C04F79EFBC}") = "Station.Contracts", "Station.Contracts\Station.Contracts.csproj", "{4F5B805B-82D2-4F74-A6A2-7A9890043D4A}"
EndProject
Project("{FAE04EC0-301F-11D3-BF4B-00C04F79EFBC}") = "Station.Desktop", "Station.Desktop\Station.Desktop.csproj", "{F253AECF-783F-B04A-7EFD-DA2A3C760F3C}"
EndProject
Project("{FAE04EC0-301F-11D3-BF4B-00C04F79EFBC}") = "Station.Desktop.WebHost", "Station.Desktop.WebHost\Station.Desktop.WebHost.csproj", "{F7CDD4B6-AC90-D12E-7DCE-D7750ED36E68}"
EndProject
Project("{FAE04EC0-301F-11D3-BF4B-00C04F79EFBC}") = "Station.Domain", "Station.Domain\Station.Domain.csproj", "{D80B3DAB-47F1-CF84-FC25-C3B162D13401}"
EndProject
Project("{FAE04EC0-301F-11D3-BF4B-00C04F79EFBC}") = "Station.Infrastructure", "Station.Infrastructure\Station.Infrastructure.csproj", "{19ECC237-56C5-73EA-2FFC-8D08009CD313}"
EndProject
Project("{FAE04EC0-301F-11D3-BF4B-00C04F79EFBC}") = "Station.Data", "..\Station.Shared\Station.Data\Station.Data.csproj", "{C752007F-7D8B-428A-B212-036AA792312F}"
EndProject
Project("{FAE04EC0-301F-11D3-BF4B-00C04F79EFBC}") = "Station.Data.SqlSugar", "..\Station.Shared\Station.Data.SqlSugar\Station.Data.SqlSugar.csproj", "{6D4E5D9B-2BD2-42F2-B62C-577994E1CE9D}"
EndProject
Global
	GlobalSection(SolutionConfigurationPlatforms) = preSolution
		Debug|Any CPU = Debug|Any CPU
		Debug|x64 = Debug|x64
		Debug|x86 = Debug|x86
		Release|Any CPU = Release|Any CPU
		Release|x64 = Release|x64
		Release|x86 = Release|x86
	EndGlobalSection
	GlobalSection(ProjectConfigurationPlatforms) = postSolution
		{212E75EF-6849-4D43-1F37-0603D6FA6CCA}.Debug|Any CPU.ActiveCfg = Debug|Any CPU
		{212E75EF-6849-4D43-1F37-0603D6FA6CCA}.Debug|Any CPU.Build.0 = Debug|Any CPU
		{212E75EF-6849-4D43-1F37-0603D6FA6CCA}.Debug|x64.ActiveCfg = Debug|Any CPU
		{212E75EF-6849-4D43-1F37-0603D6FA6CCA}.Debug|x64.Build.0 = Debug|Any CPU
		{212E75EF-6849-4D43-1F37-0603D6FA6CCA}.Debug|x86.ActiveCfg = Debug|Any CPU
		{212E75EF-6849-4D43-1F37-0603D6FA6CCA}.Debug|x86.Build.0 = Debug|Any CPU
		{212E75EF-6849-4D43-1F37-0603D6FA6CCA}.Release|Any CPU.ActiveCfg = Release|Any CPU
		{212E75EF-6849-4D43-1F37-0603D6FA6CCA}.Release|Any CPU.Build.0 = Release|Any CPU
		{212E75EF-6849-4D43-1F37-0603D6FA6CCA}.Release|x64.ActiveCfg = Release|Any CPU
		{212E75EF-6849-4D43-1F37-0603D6FA6CCA}.Release|x64.Build.0 = Release|Any CPU
		{212E75EF-6849-4D43-1F37-0603D6FA6CCA}.Release|x86.ActiveCfg = Release|Any CPU
		{212E75EF-6849-4D43-1F37-0603D6FA6CCA}.Release|x86.Build.0 = Release|Any CPU
		{69443118-CCA0-0B94-49D4-E2A28E6063C8}.Debug|Any CPU.ActiveCfg = Debug|Any CPU
		{69443118-CCA0-0B94-49D4-E2A28E6063C8}.Debug|Any CPU.Build.0 = Debug|Any CPU
		{69443118-CCA0-0B94-49D4-E2A28E6063C8}.Debug|x64.ActiveCfg = Debug|Any CPU
		{69443118-CCA0-0B94-49D4-E2A28E6063C8}.Debug|x64.Build.0 = Debug|Any CPU
		{69443118-CCA0-0B94-49D4-E2A28E6063C8}.Debug|x86.ActiveCfg = Debug|Any CPU
		{69443118-CCA0-0B94-49D4-E2A28E6063C8}.Debug|x86.Build.0 = Debug|Any CPU
		{69443118-CCA0-0B94-49D4-E2A28E6063C8}.Release|Any CPU.ActiveCfg = Release|Any CPU
		{69443118-CCA0-0B94-49D4-E2A28E6063C8}.Release|Any CPU.Build.0 = Release|Any CPU
		{69443118-CCA0-0B94-49D4-E2A28E6063C8}.Release|x64.ActiveCfg = Release|Any CPU
		{69443118-CCA0-0B94-49D4-E2A28E6063C8}.Release|x64.Build.0 = Release|Any CPU
		{69443118-CCA0-0B94-49D4-E2A28E6063C8}.Release|x86.ActiveCfg = Release|Any CPU
		{69443118-CCA0-0B94-49D4-E2A28E6063C8}.Release|x86.Build.0 = Release|Any CPU
		{4F5B805B-82D2-4F74-A6A2-7A9890043D4A}.Debug|Any CPU.ActiveCfg = Debug|Any CPU
		{4F5B805B-82D2-4F74-A6A2-7A9890043D4A}.Debug|Any CPU.Build.0 = Debug|Any CPU
		{4F5B805B-82D2-4F74-A6A2-7A9890043D4A}.Debug|x64.ActiveCfg = Debug|Any CPU
		{4F5B805B-82D2-4F74-A6A2-7A9890043D4A}.Debug|x64.Build.0 = Debug|Any CPU
		{4F5B805B-82D2-4F74-A6A2-7A9890043D4A}.Debug|x86.ActiveCfg = Debug|Any CPU
		{4F5B805B-82D2-4F74-A6A2-7A9890043D4A}.Debug|x86.Build.0 = Debug|Any CPU
		{4F5B805B-82D2-4F74-A6A2-7A9890043D4A}.Release|Any CPU.ActiveCfg = Release|Any CPU
		{4F5B805B-82D2-4F74-A6A2-7A9890043D4A}.Release|Any CPU.Build.0 = Release|Any CPU
		{4F5B805B-82D2-4F74-A6A2-7A9890043D4A}.Release|x64.ActiveCfg = Release|Any CPU
		{4F5B805B-82D2-4F74-A6A2-7A9890043D4A}.Release|x64.Build.0 = Release|Any CPU
		{4F5B805B-82D2-4F74-A6A2-7A9890043D4A}.Release|x86.ActiveCfg = Release|Any CPU
		{4F5B805B-82D2-4F74-A6A2-7A9890043D4A}.Release|x86.Build.0 = Release|Any CPU
		{F253AECF-783F-B04A-7EFD-DA2A3C760F3C}.Debug|Any CPU.ActiveCfg = Debug|Any CPU
		{F253AECF-783F-B04A-7EFD-DA2A3C760F3C}.Debug|Any CPU.Build.0 = Debug|Any CPU
		{F253AECF-783F-B04A-7EFD-DA2A3C760F3C}.Debug|x64.ActiveCfg = Debug|Any CPU
		{F253AECF-783F-B04A-7EFD-DA2A3C760F3C}.Debug|x64.Build.0 = Debug|Any CPU
		{F253AECF-783F-B04A-7EFD-DA2A3C760F3C}.Debug|x86.ActiveCfg = Debug|Any CPU
		{F253AECF-783F-B04A-7EFD-DA2A3C760F3C}.Debug|x86.Build.0 = Debug|Any CPU
		{F253AECF-783F-B04A-7EFD-DA2A3C760F3C}.Release|Any CPU.ActiveCfg = Release|Any CPU
		{F253AECF-783F-B04A-7EFD-DA2A3C760F3C}.Release|Any CPU.Build.0 = Release|Any CPU
		{F253AECF-783F-B04A-7EFD-DA2A3C760F3C}.Release|x64.ActiveCfg = Release|Any CPU
		{F253AECF-783F-B04A-7EFD-DA2A3C760F3C}.Release|x64.Build.0 = Release|Any CPU
		{F253AECF-783F-B04A-7EFD-DA2A3C760F3C}.Release|x86.ActiveCfg = Release|Any CPU
		{F253AECF-783F-B04A-7EFD-DA2A3C760F3C}.Release|x86.Build.0 = Release|Any CPU
		{F7CDD4B6-AC90-D12E-7DCE-D7750ED36E68}.Debug|Any CPU.ActiveCfg = Debug|Any CPU
		{F7CDD4B6-AC90-D12E-7DCE-D7750ED36E68}.Debug|Any CPU.Build.0 = Debug|Any CPU
		{F7CDD4B6-AC90-D12E-7DCE-D7750ED36E68}.Debug|x64.ActiveCfg = Debug|Any CPU
		{F7CDD4B6-AC90-D12E-7DCE-D7750ED36E68}.Debug|x64.Build.0 = Debug|Any CPU
		{F7CDD4B6-AC90-D12E-7DCE-D7750ED36E68}.Debug|x86.ActiveCfg = Debug|Any CPU
		{F7CDD4B6-AC90-D12E-7DCE-D7750ED36E68}.Debug|x86.Build.0 = Debug|Any CPU
		{F7CDD4B6-AC90-D12E-7DCE-D7750ED36E68}.Release|Any CPU.ActiveCfg = Release|Any CPU
		{F7CDD4B6-AC90-D12E-7DCE-D7750ED36E68}.Release|Any CPU.Build.0 = Release|Any CPU
		{F7CDD4B6-AC90-D12E-7DCE-D7750ED36E68}.Release|x64.ActiveCfg = Release|Any CPU
		{F7CDD4B6-AC90-D12E-7DCE-D7750ED36E68}.Release|x64.Build.0 = Release|Any CPU
		{F7CDD4B6-AC90-D12E-7DCE-D7750ED36E68}.Release|x86.ActiveCfg = Release|Any CPU
		{F7CDD4B6-AC90-D12E-7DCE-D7750ED36E68}.Release|x86.Build.0 = Release|Any CPU
		{D80B3DAB-47F1-CF84-FC25-C3B162D13401}.Debug|Any CPU.ActiveCfg = Debug|Any CPU
		{D80B3DAB-47F1-CF84-FC25-C3B162D13401}.Debug|Any CPU.Build.0 = Debug|Any CPU
		{D80B3DAB-47F1-CF84-FC25-C3B162D13401}.Debug|x64.ActiveCfg = Debug|Any CPU
		{D80B3DAB-47F1-CF84-FC25-C3B162D13401}.Debug|x64.Build.0 = Debug|Any CPU
		{D80B3DAB-47F1-CF84-FC25-C3B162D13401}.Debug|x86.ActiveCfg = Debug|Any CPU
		{D80B3DAB-47F1-CF84-FC25-C3B162D13401}.Debug|x86.Build.0 = Debug|Any CPU
		{D80B3DAB-47F1-CF84-FC25-C3B162D13401}.Release|Any CPU.ActiveCfg = Release|Any CPU
		{D80B3DAB-47F1-CF84-FC25-C3B162D13401}.Release|Any CPU.Build.0 = Release|Any CPU
		{D80B3DAB-47F1-CF84-FC25-C3B162D13401}.Release|x64.ActiveCfg = Release|Any CPU
		{D80B3DAB-47F1-CF84-FC25-C3B162D13401}.Release|x64.Build.0 = Release|Any CPU
		{D80B3DAB-47F1-CF84-FC25-C3B162D13401}.Release|x86.ActiveCfg = Release|Any CPU
		{D80B3DAB-47F1-CF84-FC25-C3B162D13401}.Release|x86.Build.0 = Release|Any CPU
		{19ECC237-56C5-73EA-2FFC-8D08009CD313}.Debug|Any CPU.ActiveCfg = Debug|Any CPU
		{19ECC237-56C5-73EA-2FFC-8D08009CD313}.Debug|Any CPU.Build.0 = Debug|Any CPU
		{19ECC237-56C5-73EA-2FFC-8D08009CD313}.Debug|x64.ActiveCfg = Debug|Any CPU
		{19ECC237-56C5-73EA-2FFC-8D08009CD313}.Debug|x64.Build.0 = Debug|Any CPU
		{19ECC237-56C5-73EA-2FFC-8D08009CD313}.Debug|x86.ActiveCfg = Debug|Any CPU
		{19ECC237-56C5-73EA-2FFC-8D08009CD313}.Debug|x86.Build.0 = Debug|Any CPU
		{19ECC237-56C5-73EA-2FFC-8D08009CD313}.Release|Any CPU.ActiveCfg = Release|Any CPU
		{19ECC237-56C5-73EA-2FFC-8D08009CD313}.Release|Any CPU.Build.0 = Release|Any CPU
		{19ECC237-56C5-73EA-2FFC-8D08009CD313}.Release|x64.ActiveCfg = Release|Any CPU
		{19ECC237-56C5-73EA-2FFC-8D08009CD313}.Release|x64.Build.0 = Release|Any CPU
		{19ECC237-56C5-73EA-2FFC-8D08009CD313}.Release|x86.ActiveCfg = Release|Any CPU
		{19ECC237-56C5-73EA-2FFC-8D08009CD313}.Release|x86.Build.0 = Release|Any CPU
		{C752007F-7D8B-428A-B212-036AA792312F}.Debug|Any CPU.ActiveCfg = Debug|Any CPU
		{C752007F-7D8B-428A-B212-036AA792312F}.Debug|Any CPU.Build.0 = Debug|Any CPU
		{C752007F-7D8B-428A-B212-036AA792312F}.Debug|x64.ActiveCfg = Debug|Any CPU
		{C752007F-7D8B-428A-B212-036AA792312F}.Debug|x64.Build.0 = Debug|Any CPU
		{C752007F-7D8B-428A-B212-036AA792312F}.Debug|x86.ActiveCfg = Debug|Any CPU
		{C752007F-7D8B-428A-B212-036AA792312F}.Debug|x86.Build.0 = Debug|Any CPU
		{C752007F-7D8B-428A-B212-036AA792312F}.Release|Any CPU.ActiveCfg = Release|Any CPU
		{C752007F-7D8B-428A-B212-036AA792312F}.Release|Any CPU.Build.0 = Release|Any CPU
		{C752007F-7D8B-428A-B212-036AA792312F}.Release|x64.ActiveCfg = Release|Any CPU
		{C752007F-7D8B-428A-B212-036AA792312F}.Release|x64.Build.0 = Release|Any CPU
		{C752007F-7D8B-428A-B212-036AA792312F}.Release|x86.ActiveCfg = Release|Any CPU
		{C752007F-7D8B-428A-B212-036AA792312F}.Release|x86.Build.0 = Release|Any CPU
		{6D4E5D9B-2BD2-42F2-B62C-577994E1CE9D}.Debug|Any CPU.ActiveCfg = Debug|Any CPU
		{6D4E5D9B-2BD2-42F2-B62C-577994E1CE9D}.Debug|Any CPU.Build.0 = Debug|Any CPU
		{6D4E5D9B-2BD2-42F2-B62C-577994E1CE9D}.Debug|x64.ActiveCfg = Debug|Any CPU
		{6D4E5D9B-2BD2-42F2-B62C-577994E1CE9D}.Debug|x64.Build.0 = Debug|Any CPU
		{6D4E5D9B-2BD2-42F2-B62C-577994E1CE9D}.Debug|x86.ActiveCfg = Debug|Any CPU
		{6D4E5D9B-2BD2-42F2-B62C-577994E1CE9D}.Debug|x86.Build.0 = Debug|Any CPU
		{6D4E5D9B-2BD2-42F2-B62C-577994E1CE9D}.Release|Any CPU.ActiveCfg = Release|Any CPU
		{6D4E5D9B-2BD2-42F2-B62C-577994E1CE9D}.Release|Any CPU.Build.0 = Release|Any CPU
		{6D4E5D9B-2BD2-42F2-B62C-577994E1CE9D}.Release|x64.ActiveCfg = Release|Any CPU
		{6D4E5D9B-2BD2-42F2-B62C-577994E1CE9D}.Release|x64.Build.0 = Release|Any CPU
		{6D4E5D9B-2BD2-42F2-B62C-577994E1CE9D}.Release|x86.ActiveCfg = Release|Any CPU
		{6D4E5D9B-2BD2-42F2-B62C-577994E1CE9D}.Release|x86.Build.0 = Release|Any CPU
	EndGlobalSection
	GlobalSection(SolutionProperties) = preSolution
		HideSolutionNode = FALSE
	EndGlobalSection
	GlobalSection(NestedProjects) = preSolution
		{1785978C-D7A4-9B83-98F4-66F9C2B5473D} = {827E0CD3-B72D-47B6-A68D-7590B98EB39B}
		{02EA681E-C7D8-13C7-8484-4AC65E1B71E8} = {827E0CD3-B72D-47B6-A68D-7590B98EB39B}
		{212E75EF-6849-4D43-1F37-0603D6FA6CCA} = {1785978C-D7A4-9B83-98F4-66F9C2B5473D}
		{69443118-CCA0-0B94-49D4-E2A28E6063C8} = {02EA681E-C7D8-13C7-8484-4AC65E1B71E8}
		{4F5B805B-82D2-4F74-A6A2-7A9890043D4A} = {02EA681E-C7D8-13C7-8484-4AC65E1B71E8}
		{F253AECF-783F-B04A-7EFD-DA2A3C760F3C} = {02EA681E-C7D8-13C7-8484-4AC65E1B71E8}
		{F7CDD4B6-AC90-D12E-7DCE-D7750ED36E68} = {02EA681E-C7D8-13C7-8484-4AC65E1B71E8}
		{D80B3DAB-47F1-CF84-FC25-C3B162D13401} = {02EA681E-C7D8-13C7-8484-4AC65E1B71E8}
		{19ECC237-56C5-73EA-2FFC-8D08009CD313} = {02EA681E-C7D8-13C7-8484-4AC65E1B71E8}
		{C752007F-7D8B-428A-B212-036AA792312F} = {1785978C-D7A4-9B83-98F4-66F9C2B5473D}
		{6D4E5D9B-2BD2-42F2-B62C-577994E1CE9D} = {1785978C-D7A4-9B83-98F4-66F9C2B5473D}
	EndGlobalSection
	GlobalSection(ExtensibilityGlobals) = postSolution
		SolutionGuid = {FC3A6582-3A84-4767-AEC7-31BFC29B0960}
	EndGlobalSection
EndGlobal
