
Microsoft Visual Studio Solution File, Format Version 12.00
# Visual Studio Version 17
VisualStudioVersion = 17.0.31903.59
MinimumVisualStudioVersion = 10.0.40219.1
Project("{2150E333-8FDC-42A3-9474-1A3956D46DE8}") = "src", "src", "{827E0CD3-B72D-47B6-A68D-7590B98EB39B}"
EndProject
Project("{2150E333-8FDC-42A3-9474-1A3956D46DE8}") = "Station.Shared", "Station.Shared", "{1785978C-D7A4-9B83-98F4-66F9C2B5473D}"
EndProject
Project("{FAE04EC0-301F-11D3-BF4B-00C04F79EFBC}") = "Station.Contracts", "src\Station.Shared\Station.Contracts\Station.Contracts.csproj", "{56B27856-46C7-4C45-8913-3E80E30DF7DE}"
EndProject
Project("{FAE04EC0-301F-11D3-BF4B-00C04F79EFBC}") = "Station.Domain", "src\Station.Shared\Station.Domain\Station.Domain.csproj", "{82897DDE-968D-4FB7-AE03-4A3031EE5756}"
EndProject
Project("{FAE04EC0-301F-11D3-BF4B-00C04F79EFBC}") = "Station.Desktop.Application", "src\Station.Desktop\Station.Desktop.Application\Station.Desktop.Application.csproj", "{A7EB0CE3-176E-4012-9C9F-5B38967E34CA}"
EndProject
Project("{FAE04EC0-301F-11D3-BF4B-00C04F79EFBC}") = "Station.Desktop.Bootstrapper", "src\Station.Desktop\Station.Desktop.Bootstrapper\Station.Desktop.Bootstrapper.csproj", "{25871C6F-44A5-4489-B3BE-CCC8237299F5}"
EndProject
Project("{FAE04EC0-301F-11D3-BF4B-00C04F79EFBC}") = "Station.Desktop.Infrastructure", "src\Station.Desktop\Station.Desktop.Infrastructure\Station.Desktop.Infrastructure.csproj", "{FF8A5AF8-2D32-406E-9531-4443FDCCE6D6}"
EndProject
Project("{FAE04EC0-301F-11D3-BF4B-00C04F79EFBC}") = "Station.Desktop.UI", "src\Station.Desktop\Station.Desktop.UI\Station.Desktop.UI.csproj", "{57794F49-DBD4-402C-8303-26EBF5621A00}"
EndProject
Project("{FAE04EC0-301F-11D3-BF4B-00C04F79EFBC}") = "Station.Desktop.WebHost", "src\Station.Desktop\Station.Desktop.WebHost\Station.Desktop.WebHost.csproj", "{F54761C2-2993-4114-9327-764961A32F84}"
EndProject
Global
	GlobalSection(SolutionConfigurationPlatforms) = preSolution
		Debug|Any CPU = Debug|Any CPU
		Debug|x64 = Debug|x64
		Debug|x86 = Debug|x86
		Release|Any CPU = Release|Any CPU
		Release|x64 = Release|x64
		Release|x86 = Release|x86
	EndGlobalSection
	GlobalSection(ProjectConfigurationPlatforms) = postSolution
		{56B27856-46C7-4C45-8913-3E80E30DF7DE}.Debug|Any CPU.ActiveCfg = Debug|Any CPU
		{56B27856-46C7-4C45-8913-3E80E30DF7DE}.Debug|Any CPU.Build.0 = Debug|Any CPU
		{56B27856-46C7-4C45-8913-3E80E30DF7DE}.Debug|x64.ActiveCfg = Debug|Any CPU
		{56B27856-46C7-4C45-8913-3E80E30DF7DE}.Debug|x64.Build.0 = Debug|Any CPU
		{56B27856-46C7-4C45-8913-3E80E30DF7DE}.Debug|x86.ActiveCfg = Debug|Any CPU
		{56B27856-46C7-4C45-8913-3E80E30DF7DE}.Debug|x86.Build.0 = Debug|Any CPU
		{56B27856-46C7-4C45-8913-3E80E30DF7DE}.Release|Any CPU.ActiveCfg = Release|Any CPU
		{56B27856-46C7-4C45-8913-3E80E30DF7DE}.Release|Any CPU.Build.0 = Release|Any CPU
		{56B27856-46C7-4C45-8913-3E80E30DF7DE}.Release|x64.ActiveCfg = Release|Any CPU
		{56B27856-46C7-4C45-8913-3E80E30DF7DE}.Release|x64.Build.0 = Release|Any CPU
		{56B27856-46C7-4C45-8913-3E80E30DF7DE}.Release|x86.ActiveCfg = Release|Any CPU
		{56B27856-46C7-4C45-8913-3E80E30DF7DE}.Release|x86.Build.0 = Release|Any CPU
		{82897DDE-968D-4FB7-AE03-4A3031EE5756}.Debug|Any CPU.ActiveCfg = Debug|Any CPU
		{82897DDE-968D-4FB7-AE03-4A3031EE5756}.Debug|Any CPU.Build.0 = Debug|Any CPU
		{82897DDE-968D-4FB7-AE03-4A3031EE5756}.Debug|x64.ActiveCfg = Debug|Any CPU
		{82897DDE-968D-4FB7-AE03-4A3031EE5756}.Debug|x64.Build.0 = Debug|Any CPU
		{82897DDE-968D-4FB7-AE03-4A3031EE5756}.Debug|x86.ActiveCfg = Debug|Any CPU
		{82897DDE-968D-4FB7-AE03-4A3031EE5756}.Debug|x86.Build.0 = Debug|Any CPU
		{82897DDE-968D-4FB7-AE03-4A3031EE5756}.Release|Any CPU.ActiveCfg = Release|Any CPU
		{82897DDE-968D-4FB7-AE03-4A3031EE5756}.Release|Any CPU.Build.0 = Release|Any CPU
		{82897DDE-968D-4FB7-AE03-4A3031EE5756}.Release|x64.ActiveCfg = Release|Any CPU
		{82897DDE-968D-4FB7-AE03-4A3031EE5756}.Release|x64.Build.0 = Release|Any CPU
		{82897DDE-968D-4FB7-AE03-4A3031EE5756}.Release|x86.ActiveCfg = Release|Any CPU
		{82897DDE-968D-4FB7-AE03-4A3031EE5756}.Release|x86.Build.0 = Release|Any CPU
		{A7EB0CE3-176E-4012-9C9F-5B38967E34CA}.Debug|Any CPU.ActiveCfg = Debug|Any CPU
		{A7EB0CE3-176E-4012-9C9F-5B38967E34CA}.Debug|Any CPU.Build.0 = Debug|Any CPU
		{A7EB0CE3-176E-4012-9C9F-5B38967E34CA}.Debug|x64.ActiveCfg = Debug|Any CPU
		{A7EB0CE3-176E-4012-9C9F-5B38967E34CA}.Debug|x64.Build.0 = Debug|Any CPU
		{A7EB0CE3-176E-4012-9C9F-5B38967E34CA}.Debug|x86.ActiveCfg = Debug|Any CPU
		{A7EB0CE3-176E-4012-9C9F-5B38967E34CA}.Debug|x86.Build.0 = Debug|Any CPU
		{A7EB0CE3-176E-4012-9C9F-5B38967E34CA}.Release|Any CPU.ActiveCfg = Release|Any CPU
		{A7EB0CE3-176E-4012-9C9F-5B38967E34CA}.Release|Any CPU.Build.0 = Release|Any CPU
		{A7EB0CE3-176E-4012-9C9F-5B38967E34CA}.Release|x64.ActiveCfg = Release|Any CPU
		{A7EB0CE3-176E-4012-9C9F-5B38967E34CA}.Release|x64.Build.0 = Release|Any CPU
		{A7EB0CE3-176E-4012-9C9F-5B38967E34CA}.Release|x86.ActiveCfg = Release|Any CPU
		{A7EB0CE3-176E-4012-9C9F-5B38967E34CA}.Release|x86.Build.0 = Release|Any CPU
		{25871C6F-44A5-4489-B3BE-CCC8237299F5}.Debug|Any CPU.ActiveCfg = Debug|Any CPU
		{25871C6F-44A5-4489-B3BE-CCC8237299F5}.Debug|Any CPU.Build.0 = Debug|Any CPU
		{25871C6F-44A5-4489-B3BE-CCC8237299F5}.Debug|x64.ActiveCfg = Debug|Any CPU
		{25871C6F-44A5-4489-B3BE-CCC8237299F5}.Debug|x64.Build.0 = Debug|Any CPU
		{25871C6F-44A5-4489-B3BE-CCC8237299F5}.Debug|x86.ActiveCfg = Debug|Any CPU
		{25871C6F-44A5-4489-B3BE-CCC8237299F5}.Debug|x86.Build.0 = Debug|Any CPU
		{25871C6F-44A5-4489-B3BE-CCC8237299F5}.Release|Any CPU.ActiveCfg = Release|Any CPU
		{25871C6F-44A5-4489-B3BE-CCC8237299F5}.Release|Any CPU.Build.0 = Release|Any CPU
		{25871C6F-44A5-4489-B3BE-CCC8237299F5}.Release|x64.ActiveCfg = Release|Any CPU
		{25871C6F-44A5-4489-B3BE-CCC8237299F5}.Release|x64.Build.0 = Release|Any CPU
		{25871C6F-44A5-4489-B3BE-CCC8237299F5}.Release|x86.ActiveCfg = Release|Any CPU
		{25871C6F-44A5-4489-B3BE-CCC8237299F5}.Release|x86.Build.0 = Release|Any CPU
		{FF8A5AF8-2D32-406E-9531-4443FDCCE6D6}.Debug|Any CPU.ActiveCfg = Debug|Any CPU
		{FF8A5AF8-2D32-406E-9531-4443FDCCE6D6}.Debug|Any CPU.Build.0 = Debug|Any CPU
		{FF8A5AF8-2D32-406E-9531-4443FDCCE6D6}.Debug|x64.ActiveCfg = Debug|Any CPU
		{FF8A5AF8-2D32-406E-9531-4443FDCCE6D6}.Debug|x64.Build.0 = Debug|Any CPU
		{FF8A5AF8-2D32-406E-9531-4443FDCCE6D6}.Debug|x86.ActiveCfg = Debug|Any CPU
		{FF8A5AF8-2D32-406E-9531-4443FDCCE6D6}.Debug|x86.Build.0 = Debug|Any CPU
		{FF8A5AF8-2D32-406E-9531-4443FDCCE6D6}.Release|Any CPU.ActiveCfg = Release|Any CPU
		{FF8A5AF8-2D32-406E-9531-4443FDCCE6D6}.Release|Any CPU.Build.0 = Release|Any CPU
		{FF8A5AF8-2D32-406E-9531-4443FDCCE6D6}.Release|x64.ActiveCfg = Release|Any CPU
		{FF8A5AF8-2D32-406E-9531-4443FDCCE6D6}.Release|x64.Build.0 = Release|Any CPU
		{FF8A5AF8-2D32-406E-9531-4443FDCCE6D6}.Release|x86.ActiveCfg = Release|Any CPU
		{FF8A5AF8-2D32-406E-9531-4443FDCCE6D6}.Release|x86.Build.0 = Release|Any CPU
		{57794F49-DBD4-402C-8303-26EBF5621A00}.Debug|Any CPU.ActiveCfg = Debug|Any CPU
		{57794F49-DBD4-402C-8303-26EBF5621A00}.Debug|Any CPU.Build.0 = Debug|Any CPU
		{57794F49-DBD4-402C-8303-26EBF5621A00}.Debug|x64.ActiveCfg = Debug|Any CPU
		{57794F49-DBD4-402C-8303-26EBF5621A00}.Debug|x64.Build.0 = Debug|Any CPU
		{57794F49-DBD4-402C-8303-26EBF5621A00}.Debug|x86.ActiveCfg = Debug|Any CPU
		{57794F49-DBD4-402C-8303-26EBF5621A00}.Debug|x86.Build.0 = Debug|Any CPU
		{57794F49-DBD4-402C-8303-26EBF5621A00}.Release|Any CPU.ActiveCfg = Release|Any CPU
		{57794F49-DBD4-402C-8303-26EBF5621A00}.Release|Any CPU.Build.0 = Release|Any CPU
		{57794F49-DBD4-402C-8303-26EBF5621A00}.Release|x64.ActiveCfg = Release|Any CPU
		{57794F49-DBD4-402C-8303-26EBF5621A00}.Release|x64.Build.0 = Release|Any CPU
		{57794F49-DBD4-402C-8303-26EBF5621A00}.Release|x86.ActiveCfg = Release|Any CPU
		{57794F49-DBD4-402C-8303-26EBF5621A00}.Release|x86.Build.0 = Release|Any CPU
		{F54761C2-2993-4114-9327-764961A32F84}.Debug|Any CPU.ActiveCfg = Debug|Any CPU
		{F54761C2-2993-4114-9327-764961A32F84}.Debug|Any CPU.Build.0 = Debug|Any CPU
		{F54761C2-2993-4114-9327-764961A32F84}.Debug|x64.ActiveCfg = Debug|Any CPU
		{F54761C2-2993-4114-9327-764961A32F84}.Debug|x64.Build.0 = Debug|Any CPU
		{F54761C2-2993-4114-9327-764961A32F84}.Debug|x86.ActiveCfg = Debug|Any CPU
		{F54761C2-2993-4114-9327-764961A32F84}.Debug|x86.Build.0 = Debug|Any CPU
		{F54761C2-2993-4114-9327-764961A32F84}.Release|Any CPU.ActiveCfg = Release|Any CPU
		{F54761C2-2993-4114-9327-764961A32F84}.Release|Any CPU.Build.0 = Release|Any CPU
		{F54761C2-2993-4114-9327-764961A32F84}.Release|x64.ActiveCfg = Release|Any CPU
		{F54761C2-2993-4114-9327-764961A32F84}.Release|x64.Build.0 = Release|Any CPU
		{F54761C2-2993-4114-9327-764961A32F84}.Release|x86.ActiveCfg = Release|Any CPU
		{F54761C2-2993-4114-9327-764961A32F84}.Release|x86.Build.0 = Release|Any CPU
	EndGlobalSection
	GlobalSection(SolutionProperties) = preSolution
		HideSolutionNode = FALSE
	EndGlobalSection
	GlobalSection(NestedProjects) = preSolution
		{1785978C-D7A4-9B83-98F4-66F9C2B5473D} = {827E0CD3-B72D-47B6-A68D-7590B98EB39B}
		{56B27856-46C7-4C45-8913-3E80E30DF7DE} = {1785978C-D7A4-9B83-98F4-66F9C2B5473D}
		{82897DDE-968D-4FB7-AE03-4A3031EE5756} = {1785978C-D7A4-9B83-98F4-66F9C2B5473D}
		{A7EB0CE3-176E-4012-9C9F-5B38967E34CA} = {1785978C-D7A4-9B83-98F4-66F9C2B5473D}
		{25871C6F-44A5-4489-B3BE-CCC8237299F5} = {1785978C-D7A4-9B83-98F4-66F9C2B5473D}
		{FF8A5AF8-2D32-406E-9531-4443FDCCE6D6} = {1785978C-D7A4-9B83-98F4-66F9C2B5473D}
		{57794F49-DBD4-402C-8303-26EBF5621A00} = {1785978C-D7A4-9B83-98F4-66F9C2B5473D}
		{F54761C2-2993-4114-9327-764961A32F84} = {1785978C-D7A4-9B83-98F4-66F9C2B5473D}
	EndGlobalSection
EndGlobal
