
Microsoft Visual Studio Solution File, Format Version 12.00
# Visual Studio Version 17
VisualStudioVersion = 17.0.31903.59
MinimumVisualStudioVersion = 10.0.40219.1
Project("{2150E333-8FDC-42A3-9474-1A3956D46DE8}") = "src", "src", "{827E0CD3-B72D-47B6-A68D-7590B98EB39B}"
EndProject
Project("{2150E333-8FDC-42A3-9474-1A3956D46DE8}") = "Station.Shared", "Station.Shared", "{1785978C-D7A4-9B83-98F4-66F9C2B5473D}"
EndProject
Project("{FAE04EC0-301F-11D3-BF4B-00C04F79EFBC}") = "Station.Contracts", "src\Station.Shared\Station.Contracts\Station.Contracts.csproj", "{60269DBC-6801-4864-8978-A3C8F1EDE3C9}"
EndProject
Project("{FAE04EC0-301F-11D3-BF4B-00C04F79EFBC}") = "Station.Domain", "src\Station.Shared\Station.Domain\Station.Domain.csproj", "{1015540C-3F67-4817-854A-2867679DE0C7}"
EndProject
Project("{FAE04EC0-301F-11D3-BF4B-00C04F79EFBC}") = "Station.Platform.Api", "src\Station.Platform\Station.Platform.Api\Station.Platform.Api.csproj", "{3B602918-7DDE-4552-93E1-511637AAEAA6}"
EndProject
Project("{FAE04EC0-301F-11D3-BF4B-00C04F79EFBC}") = "Station.Platform.Application", "src\Station.Platform\Station.Platform.Application\Station.Platform.Application.csproj", "{FA86D1D1-276D-4AD4-8C31-5C11E37E6C76}"
EndProject
Project("{FAE04EC0-301F-11D3-BF4B-00C04F79EFBC}") = "Station.Platform.Domain", "src\Station.Platform\Station.Platform.Domain\Station.Platform.Domain.csproj", "{C8C58BEF-FBBB-43B5-8E9D-BB24FE7ECBE9}"
EndProject
Global
	GlobalSection(SolutionConfigurationPlatforms) = preSolution
		Debug|Any CPU = Debug|Any CPU
		Debug|x64 = Debug|x64
		Debug|x86 = Debug|x86
		Release|Any CPU = Release|Any CPU
		Release|x64 = Release|x64
		Release|x86 = Release|x86
	EndGlobalSection
	GlobalSection(ProjectConfigurationPlatforms) = postSolution
		{60269DBC-6801-4864-8978-A3C8F1EDE3C9}.Debug|Any CPU.ActiveCfg = Debug|Any CPU
		{60269DBC-6801-4864-8978-A3C8F1EDE3C9}.Debug|Any CPU.Build.0 = Debug|Any CPU
		{60269DBC-6801-4864-8978-A3C8F1EDE3C9}.Debug|x64.ActiveCfg = Debug|Any CPU
		{60269DBC-6801-4864-8978-A3C8F1EDE3C9}.Debug|x64.Build.0 = Debug|Any CPU
		{60269DBC-6801-4864-8978-A3C8F1EDE3C9}.Debug|x86.ActiveCfg = Debug|Any CPU
		{60269DBC-6801-4864-8978-A3C8F1EDE3C9}.Debug|x86.Build.0 = Debug|Any CPU
		{60269DBC-6801-4864-8978-A3C8F1EDE3C9}.Release|Any CPU.ActiveCfg = Release|Any CPU
		{60269DBC-6801-4864-8978-A3C8F1EDE3C9}.Release|Any CPU.Build.0 = Release|Any CPU
		{60269DBC-6801-4864-8978-A3C8F1EDE3C9}.Release|x64.ActiveCfg = Release|Any CPU
		{60269DBC-6801-4864-8978-A3C8F1EDE3C9}.Release|x64.Build.0 = Release|Any CPU
		{60269DBC-6801-4864-8978-A3C8F1EDE3C9}.Release|x86.ActiveCfg = Release|Any CPU
		{60269DBC-6801-4864-8978-A3C8F1EDE3C9}.Release|x86.Build.0 = Release|Any CPU
		{1015540C-3F67-4817-854A-2867679DE0C7}.Debug|Any CPU.ActiveCfg = Debug|Any CPU
		{1015540C-3F67-4817-854A-2867679DE0C7}.Debug|Any CPU.Build.0 = Debug|Any CPU
		{1015540C-3F67-4817-854A-2867679DE0C7}.Debug|x64.ActiveCfg = Debug|Any CPU
		{1015540C-3F67-4817-854A-2867679DE0C7}.Debug|x64.Build.0 = Debug|Any CPU
		{1015540C-3F67-4817-854A-2867679DE0C7}.Debug|x86.ActiveCfg = Debug|Any CPU
		{1015540C-3F67-4817-854A-2867679DE0C7}.Debug|x86.Build.0 = Debug|Any CPU
		{1015540C-3F67-4817-854A-2867679DE0C7}.Release|Any CPU.ActiveCfg = Release|Any CPU
		{1015540C-3F67-4817-854A-2867679DE0C7}.Release|Any CPU.Build.0 = Release|Any CPU
		{1015540C-3F67-4817-854A-2867679DE0C7}.Release|x64.ActiveCfg = Release|Any CPU
		{1015540C-3F67-4817-854A-2867679DE0C7}.Release|x64.Build.0 = Release|Any CPU
		{1015540C-3F67-4817-854A-2867679DE0C7}.Release|x86.ActiveCfg = Release|Any CPU
		{1015540C-3F67-4817-854A-2867679DE0C7}.Release|x86.Build.0 = Release|Any CPU
		{3B602918-7DDE-4552-93E1-511637AAEAA6}.Debug|Any CPU.ActiveCfg = Debug|Any CPU
		{3B602918-7DDE-4552-93E1-511637AAEAA6}.Debug|Any CPU.Build.0 = Debug|Any CPU
		{3B602918-7DDE-4552-93E1-511637AAEAA6}.Debug|x64.ActiveCfg = Debug|Any CPU
		{3B602918-7DDE-4552-93E1-511637AAEAA6}.Debug|x64.Build.0 = Debug|Any CPU
		{3B602918-7DDE-4552-93E1-511637AAEAA6}.Debug|x86.ActiveCfg = Debug|Any CPU
		{3B602918-7DDE-4552-93E1-511637AAEAA6}.Debug|x86.Build.0 = Debug|Any CPU
		{3B602918-7DDE-4552-93E1-511637AAEAA6}.Release|Any CPU.ActiveCfg = Release|Any CPU
		{3B602918-7DDE-4552-93E1-511637AAEAA6}.Release|Any CPU.Build.0 = Release|Any CPU
		{3B602918-7DDE-4552-93E1-511637AAEAA6}.Release|x64.ActiveCfg = Release|Any CPU
		{3B602918-7DDE-4552-93E1-511637AAEAA6}.Release|x64.Build.0 = Release|Any CPU
		{3B602918-7DDE-4552-93E1-511637AAEAA6}.Release|x86.ActiveCfg = Release|Any CPU
		{3B602918-7DDE-4552-93E1-511637AAEAA6}.Release|x86.Build.0 = Release|Any CPU
		{FA86D1D1-276D-4AD4-8C31-5C11E37E6C76}.Debug|Any CPU.ActiveCfg = Debug|Any CPU
		{FA86D1D1-276D-4AD4-8C31-5C11E37E6C76}.Debug|Any CPU.Build.0 = Debug|Any CPU
		{FA86D1D1-276D-4AD4-8C31-5C11E37E6C76}.Debug|x64.ActiveCfg = Debug|Any CPU
		{FA86D1D1-276D-4AD4-8C31-5C11E37E6C76}.Debug|x64.Build.0 = Debug|Any CPU
		{FA86D1D1-276D-4AD4-8C31-5C11E37E6C76}.Debug|x86.ActiveCfg = Debug|Any CPU
		{FA86D1D1-276D-4AD4-8C31-5C11E37E6C76}.Debug|x86.Build.0 = Debug|Any CPU
		{FA86D1D1-276D-4AD4-8C31-5C11E37E6C76}.Release|Any CPU.ActiveCfg = Release|Any CPU
		{FA86D1D1-276D-4AD4-8C31-5C11E37E6C76}.Release|Any CPU.Build.0 = Release|Any CPU
		{FA86D1D1-276D-4AD4-8C31-5C11E37E6C76}.Release|x64.ActiveCfg = Release|Any CPU
		{FA86D1D1-276D-4AD4-8C31-5C11E37E6C76}.Release|x64.Build.0 = Release|Any CPU
		{FA86D1D1-276D-4AD4-8C31-5C11E37E6C76}.Release|x86.ActiveCfg = Release|Any CPU
		{FA86D1D1-276D-4AD4-8C31-5C11E37E6C76}.Release|x86.Build.0 = Release|Any CPU
		{C8C58BEF-FBBB-43B5-8E9D-BB24FE7ECBE9}.Debug|Any CPU.ActiveCfg = Debug|Any CPU
		{C8C58BEF-FBBB-43B5-8E9D-BB24FE7ECBE9}.Debug|Any CPU.Build.0 = Debug|Any CPU
		{C8C58BEF-FBBB-43B5-8E9D-BB24FE7ECBE9}.Debug|x64.ActiveCfg = Debug|Any CPU
		{C8C58BEF-FBBB-43B5-8E9D-BB24FE7ECBE9}.Debug|x64.Build.0 = Debug|Any CPU
		{C8C58BEF-FBBB-43B5-8E9D-BB24FE7ECBE9}.Debug|x86.ActiveCfg = Debug|Any CPU
		{C8C58BEF-FBBB-43B5-8E9D-BB24FE7ECBE9}.Debug|x86.Build.0 = Debug|Any CPU
		{C8C58BEF-FBBB-43B5-8E9D-BB24FE7ECBE9}.Release|Any CPU.ActiveCfg = Release|Any CPU
		{C8C58BEF-FBBB-43B5-8E9D-BB24FE7ECBE9}.Release|Any CPU.Build.0 = Release|Any CPU
		{C8C58BEF-FBBB-43B5-8E9D-BB24FE7ECBE9}.Release|x64.ActiveCfg = Release|Any CPU
		{C8C58BEF-FBBB-43B5-8E9D-BB24FE7ECBE9}.Release|x64.Build.0 = Release|Any CPU
		{C8C58BEF-FBBB-43B5-8E9D-BB24FE7ECBE9}.Release|x86.ActiveCfg = Release|Any CPU
		{C8C58BEF-FBBB-43B5-8E9D-BB24FE7ECBE9}.Release|x86.Build.0 = Release|Any CPU
	EndGlobalSection
	GlobalSection(SolutionProperties) = preSolution
		HideSolutionNode = FALSE
	EndGlobalSection
	GlobalSection(NestedProjects) = preSolution
		{1785978C-D7A4-9B83-98F4-66F9C2B5473D} = {827E0CD3-B72D-47B6-A68D-7590B98EB39B}
		{60269DBC-6801-4864-8978-A3C8F1EDE3C9} = {1785978C-D7A4-9B83-98F4-66F9C2B5473D}
		{1015540C-3F67-4817-854A-2867679DE0C7} = {1785978C-D7A4-9B83-98F4-66F9C2B5473D}
		{3B602918-7DDE-4552-93E1-511637AAEAA6} = {1785978C-D7A4-9B83-98F4-66F9C2B5473D}
		{FA86D1D1-276D-4AD4-8C31-5C11E37E6C76} = {1785978C-D7A4-9B83-98F4-66F9C2B5473D}
		{C8C58BEF-FBBB-43B5-8E9D-BB24FE7ECBE9} = {1785978C-D7A4-9B83-98F4-66F9C2B5473D}
	EndGlobalSection
EndGlobal
