
Microsoft Visual Studio Solution File, Format Version 12.00
# Visual Studio Version 17
VisualStudioVersion = 17.0.31903.59
MinimumVisualStudioVersion = 10.0.40219.1
Project("{2150E333-8FDC-42A3-9474-1A3956D46DE8}") = "src", "src", "{827E0CD3-B72D-47B6-A68D-7590B98EB39B}"
EndProject
Project("{2150E333-8FDC-42A3-9474-1A3956D46DE8}") = "Station.Shared", "Station.Shared", "{1785978C-D7A4-9B83-98F4-66F9C2B5473D}"
EndProject
Project("{FAE04EC0-301F-11D3-BF4B-00C04F79EFBC}") = "Station.Contracts", "src\Station.Shared\Station.Contracts\Station.Contracts.csproj", "{F47028A4-28C2-49FE-890E-7004B8B97B03}"
EndProject
Project("{FAE04EC0-301F-11D3-BF4B-00C04F79EFBC}") = "Station.Domain", "src\Station.Shared\Station.Domain\Station.Domain.csproj", "{5305C2AA-5A9B-4CD8-BCCF-F49F23BE9D5D}"
EndProject
Project("{FAE04EC0-301F-11D3-BF4B-00C04F79EFBC}") = "Station.Application", "src\Station.Desktop\Station.Application\Station.Application.csproj", "{3BFB41B6-0DFD-4CD0-8102-2E2B914BD893}"
EndProject
Project("{FAE04EC0-301F-11D3-BF4B-00C04F79EFBC}") = "Station.Bootstrapper", "src\Station.Desktop\Station.Bootstrapper\Station.Bootstrapper.csproj", "{F5C978E3-1364-4F58-A190-E0257D8745C3}"
EndProject
Project("{FAE04EC0-301F-11D3-BF4B-00C04F79EFBC}") = "Station.Desktop", "src\Station.Desktop\Station.Desktop\Station.Desktop.csproj", "{75B7D7C0-2E70-4E12-A5A2-907D4DFBF734}"
EndProject
Project("{FAE04EC0-301F-11D3-BF4B-00C04F79EFBC}") = "Station.Infrastructure", "src\Station.Desktop\Station.Infrastructure\Station.Infrastructure.csproj", "{54B862E9-C4F0-49CC-A584-4F5C38BF7791}"
EndProject
Project("{FAE04EC0-301F-11D3-BF4B-00C04F79EFBC}") = "Station.WebHost", "src\Station.Desktop\Station.WebHost\Station.WebHost.csproj", "{FAB58333-7E48-42AE-98E0-22474ED6EB9A}"
EndProject
Global
	GlobalSection(SolutionConfigurationPlatforms) = preSolution
		Debug|Any CPU = Debug|Any CPU
		Debug|x64 = Debug|x64
		Debug|x86 = Debug|x86
		Release|Any CPU = Release|Any CPU
		Release|x64 = Release|x64
		Release|x86 = Release|x86
	EndGlobalSection
	GlobalSection(ProjectConfigurationPlatforms) = postSolution
		{F47028A4-28C2-49FE-890E-7004B8B97B03}.Debug|Any CPU.ActiveCfg = Debug|Any CPU
		{F47028A4-28C2-49FE-890E-7004B8B97B03}.Debug|Any CPU.Build.0 = Debug|Any CPU
		{F47028A4-28C2-49FE-890E-7004B8B97B03}.Debug|x64.ActiveCfg = Debug|Any CPU
		{F47028A4-28C2-49FE-890E-7004B8B97B03}.Debug|x64.Build.0 = Debug|Any CPU
		{F47028A4-28C2-49FE-890E-7004B8B97B03}.Debug|x86.ActiveCfg = Debug|Any CPU
		{F47028A4-28C2-49FE-890E-7004B8B97B03}.Debug|x86.Build.0 = Debug|Any CPU
		{F47028A4-28C2-49FE-890E-7004B8B97B03}.Release|Any CPU.ActiveCfg = Release|Any CPU
		{F47028A4-28C2-49FE-890E-7004B8B97B03}.Release|Any CPU.Build.0 = Release|Any CPU
		{F47028A4-28C2-49FE-890E-7004B8B97B03}.Release|x64.ActiveCfg = Release|Any CPU
		{F47028A4-28C2-49FE-890E-7004B8B97B03}.Release|x64.Build.0 = Release|Any CPU
		{F47028A4-28C2-49FE-890E-7004B8B97B03}.Release|x86.ActiveCfg = Release|Any CPU
		{F47028A4-28C2-49FE-890E-7004B8B97B03}.Release|x86.Build.0 = Release|Any CPU
		{5305C2AA-5A9B-4CD8-BCCF-F49F23BE9D5D}.Debug|Any CPU.ActiveCfg = Debug|Any CPU
		{5305C2AA-5A9B-4CD8-BCCF-F49F23BE9D5D}.Debug|Any CPU.Build.0 = Debug|Any CPU
		{5305C2AA-5A9B-4CD8-BCCF-F49F23BE9D5D}.Debug|x64.ActiveCfg = Debug|Any CPU
		{5305C2AA-5A9B-4CD8-BCCF-F49F23BE9D5D}.Debug|x64.Build.0 = Debug|Any CPU
		{5305C2AA-5A9B-4CD8-BCCF-F49F23BE9D5D}.Debug|x86.ActiveCfg = Debug|Any CPU
		{5305C2AA-5A9B-4CD8-BCCF-F49F23BE9D5D}.Debug|x86.Build.0 = Debug|Any CPU
		{5305C2AA-5A9B-4CD8-BCCF-F49F23BE9D5D}.Release|Any CPU.ActiveCfg = Release|Any CPU
		{5305C2AA-5A9B-4CD8-BCCF-F49F23BE9D5D}.Release|Any CPU.Build.0 = Release|Any CPU
		{5305C2AA-5A9B-4CD8-BCCF-F49F23BE9D5D}.Release|x64.ActiveCfg = Release|Any CPU
		{5305C2AA-5A9B-4CD8-BCCF-F49F23BE9D5D}.Release|x64.Build.0 = Release|Any CPU
		{5305C2AA-5A9B-4CD8-BCCF-F49F23BE9D5D}.Release|x86.ActiveCfg = Release|Any CPU
		{5305C2AA-5A9B-4CD8-BCCF-F49F23BE9D5D}.Release|x86.Build.0 = Release|Any CPU
		{3BFB41B6-0DFD-4CD0-8102-2E2B914BD893}.Debug|Any CPU.ActiveCfg = Debug|Any CPU
		{3BFB41B6-0DFD-4CD0-8102-2E2B914BD893}.Debug|Any CPU.Build.0 = Debug|Any CPU
		{3BFB41B6-0DFD-4CD0-8102-2E2B914BD893}.Debug|x64.ActiveCfg = Debug|Any CPU
		{3BFB41B6-0DFD-4CD0-8102-2E2B914BD893}.Debug|x64.Build.0 = Debug|Any CPU
		{3BFB41B6-0DFD-4CD0-8102-2E2B914BD893}.Debug|x86.ActiveCfg = Debug|Any CPU
		{3BFB41B6-0DFD-4CD0-8102-2E2B914BD893}.Debug|x86.Build.0 = Debug|Any CPU
		{3BFB41B6-0DFD-4CD0-8102-2E2B914BD893}.Release|Any CPU.ActiveCfg = Release|Any CPU
		{3BFB41B6-0DFD-4CD0-8102-2E2B914BD893}.Release|Any CPU.Build.0 = Release|Any CPU
		{3BFB41B6-0DFD-4CD0-8102-2E2B914BD893}.Release|x64.ActiveCfg = Release|Any CPU
		{3BFB41B6-0DFD-4CD0-8102-2E2B914BD893}.Release|x64.Build.0 = Release|Any CPU
		{3BFB41B6-0DFD-4CD0-8102-2E2B914BD893}.Release|x86.ActiveCfg = Release|Any CPU
		{3BFB41B6-0DFD-4CD0-8102-2E2B914BD893}.Release|x86.Build.0 = Release|Any CPU
		{F5C978E3-1364-4F58-A190-E0257D8745C3}.Debug|Any CPU.ActiveCfg = Debug|Any CPU
		{F5C978E3-1364-4F58-A190-E0257D8745C3}.Debug|Any CPU.Build.0 = Debug|Any CPU
		{F5C978E3-1364-4F58-A190-E0257D8745C3}.Debug|x64.ActiveCfg = Debug|Any CPU
		{F5C978E3-1364-4F58-A190-E0257D8745C3}.Debug|x64.Build.0 = Debug|Any CPU
		{F5C978E3-1364-4F58-A190-E0257D8745C3}.Debug|x86.ActiveCfg = Debug|Any CPU
		{F5C978E3-1364-4F58-A190-E0257D8745C3}.Debug|x86.Build.0 = Debug|Any CPU
		{F5C978E3-1364-4F58-A190-E0257D8745C3}.Release|Any CPU.ActiveCfg = Release|Any CPU
		{F5C978E3-1364-4F58-A190-E0257D8745C3}.Release|Any CPU.Build.0 = Release|Any CPU
		{F5C978E3-1364-4F58-A190-E0257D8745C3}.Release|x64.ActiveCfg = Release|Any CPU
		{F5C978E3-1364-4F58-A190-E0257D8745C3}.Release|x64.Build.0 = Release|Any CPU
		{F5C978E3-1364-4F58-A190-E0257D8745C3}.Release|x86.ActiveCfg = Release|Any CPU
		{F5C978E3-1364-4F58-A190-E0257D8745C3}.Release|x86.Build.0 = Release|Any CPU
		{75B7D7C0-2E70-4E12-A5A2-907D4DFBF734}.Debug|Any CPU.ActiveCfg = Debug|Any CPU
		{75B7D7C0-2E70-4E12-A5A2-907D4DFBF734}.Debug|Any CPU.Build.0 = Debug|Any CPU
		{75B7D7C0-2E70-4E12-A5A2-907D4DFBF734}.Debug|x64.ActiveCfg = Debug|Any CPU
		{75B7D7C0-2E70-4E12-A5A2-907D4DFBF734}.Debug|x64.Build.0 = Debug|Any CPU
		{75B7D7C0-2E70-4E12-A5A2-907D4DFBF734}.Debug|x86.ActiveCfg = Debug|Any CPU
		{75B7D7C0-2E70-4E12-A5A2-907D4DFBF734}.Debug|x86.Build.0 = Debug|Any CPU
		{75B7D7C0-2E70-4E12-A5A2-907D4DFBF734}.Release|Any CPU.ActiveCfg = Release|Any CPU
		{75B7D7C0-2E70-4E12-A5A2-907D4DFBF734}.Release|Any CPU.Build.0 = Release|Any CPU
		{75B7D7C0-2E70-4E12-A5A2-907D4DFBF734}.Release|x64.ActiveCfg = Release|Any CPU
		{75B7D7C0-2E70-4E12-A5A2-907D4DFBF734}.Release|x64.Build.0 = Release|Any CPU
		{75B7D7C0-2E70-4E12-A5A2-907D4DFBF734}.Release|x86.ActiveCfg = Release|Any CPU
		{75B7D7C0-2E70-4E12-A5A2-907D4DFBF734}.Release|x86.Build.0 = Release|Any CPU
		{54B862E9-C4F0-49CC-A584-4F5C38BF7791}.Debug|Any CPU.ActiveCfg = Debug|Any CPU
		{54B862E9-C4F0-49CC-A584-4F5C38BF7791}.Debug|Any CPU.Build.0 = Debug|Any CPU
		{54B862E9-C4F0-49CC-A584-4F5C38BF7791}.Debug|x64.ActiveCfg = Debug|Any CPU
		{54B862E9-C4F0-49CC-A584-4F5C38BF7791}.Debug|x64.Build.0 = Debug|Any CPU
		{54B862E9-C4F0-49CC-A584-4F5C38BF7791}.Debug|x86.ActiveCfg = Debug|Any CPU
		{54B862E9-C4F0-49CC-A584-4F5C38BF7791}.Debug|x86.Build.0 = Debug|Any CPU
		{54B862E9-C4F0-49CC-A584-4F5C38BF7791}.Release|Any CPU.ActiveCfg = Release|Any CPU
		{54B862E9-C4F0-49CC-A584-4F5C38BF7791}.Release|Any CPU.Build.0 = Release|Any CPU
		{54B862E9-C4F0-49CC-A584-4F5C38BF7791}.Release|x64.ActiveCfg = Release|Any CPU
		{54B862E9-C4F0-49CC-A584-4F5C38BF7791}.Release|x64.Build.0 = Release|Any CPU
		{54B862E9-C4F0-49CC-A584-4F5C38BF7791}.Release|x86.ActiveCfg = Release|Any CPU
		{54B862E9-C4F0-49CC-A584-4F5C38BF7791}.Release|x86.Build.0 = Release|Any CPU
		{FAB58333-7E48-42AE-98E0-22474ED6EB9A}.Debug|Any CPU.ActiveCfg = Debug|Any CPU
		{FAB58333-7E48-42AE-98E0-22474ED6EB9A}.Debug|Any CPU.Build.0 = Debug|Any CPU
		{FAB58333-7E48-42AE-98E0-22474ED6EB9A}.Debug|x64.ActiveCfg = Debug|Any CPU
		{FAB58333-7E48-42AE-98E0-22474ED6EB9A}.Debug|x64.Build.0 = Debug|Any CPU
		{FAB58333-7E48-42AE-98E0-22474ED6EB9A}.Debug|x86.ActiveCfg = Debug|Any CPU
		{FAB58333-7E48-42AE-98E0-22474ED6EB9A}.Debug|x86.Build.0 = Debug|Any CPU
		{FAB58333-7E48-42AE-98E0-22474ED6EB9A}.Release|Any CPU.ActiveCfg = Release|Any CPU
		{FAB58333-7E48-42AE-98E0-22474ED6EB9A}.Release|Any CPU.Build.0 = Release|Any CPU
		{FAB58333-7E48-42AE-98E0-22474ED6EB9A}.Release|x64.ActiveCfg = Release|Any CPU
		{FAB58333-7E48-42AE-98E0-22474ED6EB9A}.Release|x64.Build.0 = Release|Any CPU
		{FAB58333-7E48-42AE-98E0-22474ED6EB9A}.Release|x86.ActiveCfg = Release|Any CPU
		{FAB58333-7E48-42AE-98E0-22474ED6EB9A}.Release|x86.Build.0 = Release|Any CPU
	EndGlobalSection
	GlobalSection(SolutionProperties) = preSolution
		HideSolutionNode = FALSE
	EndGlobalSection
	GlobalSection(NestedProjects) = preSolution
		{1785978C-D7A4-9B83-98F4-66F9C2B5473D} = {827E0CD3-B72D-47B6-A68D-7590B98EB39B}
		{F47028A4-28C2-49FE-890E-7004B8B97B03} = {1785978C-D7A4-9B83-98F4-66F9C2B5473D}
		{5305C2AA-5A9B-4CD8-BCCF-F49F23BE9D5D} = {1785978C-D7A4-9B83-98F4-66F9C2B5473D}
		{3BFB41B6-0DFD-4CD0-8102-2E2B914BD893} = {1785978C-D7A4-9B83-98F4-66F9C2B5473D}
		{F5C978E3-1364-4F58-A190-E0257D8745C3} = {1785978C-D7A4-9B83-98F4-66F9C2B5473D}
		{75B7D7C0-2E70-4E12-A5A2-907D4DFBF734} = {1785978C-D7A4-9B83-98F4-66F9C2B5473D}
		{54B862E9-C4F0-49CC-A584-4F5C38BF7791} = {1785978C-D7A4-9B83-98F4-66F9C2B5473D}
		{FAB58333-7E48-42AE-98E0-22474ED6EB9A} = {1785978C-D7A4-9B83-98F4-66F9C2B5473D}
	EndGlobalSection
EndGlobal
