
Microsoft Visual Studio Solution File, Format Version 12.00
# Visual Studio Version 17
VisualStudioVersion = 17.0.31903.59
MinimumVisualStudioVersion = 10.0.40219.1
Project("{2150E333-8FDC-42A3-9474-1A3956D46DE8}") = "src", "src", "{827E0CD3-B72D-47B6-A68D-7590B98EB39B}"
EndProject
Project("{2150E333-8FDC-42A3-9474-1A3956D46DE8}") = "Station.Shared", "Station.Shared", "{1785978C-D7A4-9B83-98F4-66F9C2B5473D}"
EndProject
Project("{FAE04EC0-301F-11D3-BF4B-00C04F79EFBC}") = "Station.Desktop.WebHost", "src\Station.Desktop\Station.Desktop.WebHost\Station.Desktop.WebHost.csproj", "{F54761C2-2993-4114-9327-764961A32F84}"
EndProject
Project("{2150E333-8FDC-42A3-9474-1A3956D46DE8}") = "Station.Desktop", "Station.Desktop", "{02EA681E-C7D8-13C7-8484-4AC65E1B71E8}"
EndProject
Project("{FAE04EC0-301F-11D3-BF4B-00C04F79EFBC}") = "Station.Contracts", "src\Station.Desktop\Station.Contracts\Station.Contracts.csproj", "{236B8E51-6F7E-0316-C455-B403AB280991}"
EndProject
Project("{FAE04EC0-301F-11D3-BF4B-00C04F79EFBC}") = "Station.Application", "src\Station.Desktop\Station.Application\Station.Application.csproj", "{CC9112C9-E0D1-715A-04E3-AB2D01635BEA}"
EndProject
Project("{FAE04EC0-301F-11D3-BF4B-00C04F79EFBC}") = "Station.Domain", "src\Station.Desktop\Station.Domain\Station.Domain.csproj", "{281D1571-24E2-165F-F021-A010CD18D8D4}"
EndProject
Project("{FAE04EC0-301F-11D3-BF4B-00C04F79EFBC}") = "Station.Infrastructure", "src\Station.Desktop\Station.Infrastructure\Station.Infrastructure.csproj", "{BDBA38DC-C975-3A8A-0BB7-3773780B23EC}"
EndProject
Project("{FAE04EC0-301F-11D3-BF4B-00C04F79EFBC}") = "Station.Desktop", "src\Station.Desktop\Station.Desktop\Station.Desktop.csproj", "{97BBEDE1-0A2A-891C-73B2-EA54A07B3BB4}"
EndProject
Project("{FAE04EC0-301F-11D3-BF4B-00C04F79EFBC}") = "Station.Crypto", "src\Station.Shared\Station.Crypto\Station.Crypto.csproj", "{57E370F7-DE99-76FF-3275-2C53A4DD8C96}"
EndProject
Project("{FAE04EC0-301F-11D3-BF4B-00C04F79EFBC}") = "Station.Data", "src\Station.Shared\Station.Data\Station.Data.csproj", "{AE40B091-0CF1-ABEC-C4CD-A8220B9F8A9F}"
EndProject
Project("{FAE04EC0-301F-11D3-BF4B-00C04F79EFBC}") = "Station.Data.SqlSugar", "src\Station.Shared\Station.Data.SqlSugar\Station.Data.SqlSugar.csproj", "{82E1A5A9-7603-C79B-7695-8F921DA8FD33}"
EndProject
Project("{2150E333-8FDC-42A3-9474-1A3956D46DE8}") = "Station.Tools", "Station.Tools", "{2BD48ABA-7D9B-4B4A-B0D9-4F78D2027505}"
EndProject
Project("{FAE04EC0-301F-11D3-BF4B-00C04F79EFBC}") = "Station.Tools.Cli", "src\Station.Tools\Station.Tools.Cli\Station.Tools.Cli.csproj", "{8631A0C7-3E13-EA96-0017-7144EF32661B}"
EndProject
Project("{FAE04EC0-301F-11D3-BF4B-00C04F79EFBC}") = "Station.Tools.Core", "src\Station.Tools\Station.Tools.Core\Station.Tools.Core.csproj", "{D95D1F83-812D-9204-F36F-E4E41C70BA74}"
EndProject
Global
	GlobalSection(SolutionConfigurationPlatforms) = preSolution
		Debug|Any CPU = Debug|Any CPU
		Debug|x64 = Debug|x64
		Debug|x86 = Debug|x86
		Release|Any CPU = Release|Any CPU
		Release|x64 = Release|x64
		Release|x86 = Release|x86
	EndGlobalSection
	GlobalSection(ProjectConfigurationPlatforms) = postSolution
		{F54761C2-2993-4114-9327-764961A32F84}.Debug|Any CPU.ActiveCfg = Debug|Any CPU
		{F54761C2-2993-4114-9327-764961A32F84}.Debug|Any CPU.Build.0 = Debug|Any CPU
		{F54761C2-2993-4114-9327-764961A32F84}.Debug|x64.ActiveCfg = Debug|Any CPU
		{F54761C2-2993-4114-9327-764961A32F84}.Debug|x64.Build.0 = Debug|Any CPU
		{F54761C2-2993-4114-9327-764961A32F84}.Debug|x86.ActiveCfg = Debug|Any CPU
		{F54761C2-2993-4114-9327-764961A32F84}.Debug|x86.Build.0 = Debug|Any CPU
		{F54761C2-2993-4114-9327-764961A32F84}.Release|Any CPU.ActiveCfg = Release|Any CPU
		{F54761C2-2993-4114-9327-764961A32F84}.Release|Any CPU.Build.0 = Release|Any CPU
		{F54761C2-2993-4114-9327-764961A32F84}.Release|x64.ActiveCfg = Release|Any CPU
		{F54761C2-2993-4114-9327-764961A32F84}.Release|x64.Build.0 = Release|Any CPU
		{F54761C2-2993-4114-9327-764961A32F84}.Release|x86.ActiveCfg = Release|Any CPU
		{F54761C2-2993-4114-9327-764961A32F84}.Release|x86.Build.0 = Release|Any CPU
		{236B8E51-6F7E-0316-C455-B403AB280991}.Debug|Any CPU.ActiveCfg = Debug|Any CPU
		{236B8E51-6F7E-0316-C455-B403AB280991}.Debug|Any CPU.Build.0 = Debug|Any CPU
		{236B8E51-6F7E-0316-C455-B403AB280991}.Debug|x64.ActiveCfg = Debug|Any CPU
		{236B8E51-6F7E-0316-C455-B403AB280991}.Debug|x64.Build.0 = Debug|Any CPU
		{236B8E51-6F7E-0316-C455-B403AB280991}.Debug|x86.ActiveCfg = Debug|Any CPU
		{236B8E51-6F7E-0316-C455-B403AB280991}.Debug|x86.Build.0 = Debug|Any CPU
		{236B8E51-6F7E-0316-C455-B403AB280991}.Release|Any CPU.ActiveCfg = Release|Any CPU
		{236B8E51-6F7E-0316-C455-B403AB280991}.Release|Any CPU.Build.0 = Release|Any CPU
		{236B8E51-6F7E-0316-C455-B403AB280991}.Release|x64.ActiveCfg = Release|Any CPU
		{236B8E51-6F7E-0316-C455-B403AB280991}.Release|x64.Build.0 = Release|Any CPU
		{236B8E51-6F7E-0316-C455-B403AB280991}.Release|x86.ActiveCfg = Release|Any CPU
		{236B8E51-6F7E-0316-C455-B403AB280991}.Release|x86.Build.0 = Release|Any CPU
		{CC9112C9-E0D1-715A-04E3-AB2D01635BEA}.Debug|Any CPU.ActiveCfg = Debug|Any CPU
		{CC9112C9-E0D1-715A-04E3-AB2D01635BEA}.Debug|Any CPU.Build.0 = Debug|Any CPU
		{CC9112C9-E0D1-715A-04E3-AB2D01635BEA}.Debug|x64.ActiveCfg = Debug|Any CPU
		{CC9112C9-E0D1-715A-04E3-AB2D01635BEA}.Debug|x64.Build.0 = Debug|Any CPU
		{CC9112C9-E0D1-715A-04E3-AB2D01635BEA}.Debug|x86.ActiveCfg = Debug|Any CPU
		{CC9112C9-E0D1-715A-04E3-AB2D01635BEA}.Debug|x86.Build.0 = Debug|Any CPU
		{CC9112C9-E0D1-715A-04E3-AB2D01635BEA}.Release|Any CPU.ActiveCfg = Release|Any CPU
		{CC9112C9-E0D1-715A-04E3-AB2D01635BEA}.Release|Any CPU.Build.0 = Release|Any CPU
		{CC9112C9-E0D1-715A-04E3-AB2D01635BEA}.Release|x64.ActiveCfg = Release|Any CPU
		{CC9112C9-E0D1-715A-04E3-AB2D01635BEA}.Release|x64.Build.0 = Release|Any CPU
		{CC9112C9-E0D1-715A-04E3-AB2D01635BEA}.Release|x86.ActiveCfg = Release|Any CPU
		{CC9112C9-E0D1-715A-04E3-AB2D01635BEA}.Release|x86.Build.0 = Release|Any CPU
		{281D1571-24E2-165F-F021-A010CD18D8D4}.Debug|Any CPU.ActiveCfg = Debug|Any CPU
		{281D1571-24E2-165F-F021-A010CD18D8D4}.Debug|Any CPU.Build.0 = Debug|Any CPU
		{281D1571-24E2-165F-F021-A010CD18D8D4}.Debug|x64.ActiveCfg = Debug|Any CPU
		{281D1571-24E2-165F-F021-A010CD18D8D4}.Debug|x64.Build.0 = Debug|Any CPU
		{281D1571-24E2-165F-F021-A010CD18D8D4}.Debug|x86.ActiveCfg = Debug|Any CPU
		{281D1571-24E2-165F-F021-A010CD18D8D4}.Debug|x86.Build.0 = Debug|Any CPU
		{281D1571-24E2-165F-F021-A010CD18D8D4}.Release|Any CPU.ActiveCfg = Release|Any CPU
		{281D1571-24E2-165F-F021-A010CD18D8D4}.Release|Any CPU.Build.0 = Release|Any CPU
		{281D1571-24E2-165F-F021-A010CD18D8D4}.Release|x64.ActiveCfg = Release|Any CPU
		{281D1571-24E2-165F-F021-A010CD18D8D4}.Release|x64.Build.0 = Release|Any CPU
		{281D1571-24E2-165F-F021-A010CD18D8D4}.Release|x86.ActiveCfg = Release|Any CPU
		{281D1571-24E2-165F-F021-A010CD18D8D4}.Release|x86.Build.0 = Release|Any CPU
		{BDBA38DC-C975-3A8A-0BB7-3773780B23EC}.Debug|Any CPU.ActiveCfg = Debug|Any CPU
		{BDBA38DC-C975-3A8A-0BB7-3773780B23EC}.Debug|Any CPU.Build.0 = Debug|Any CPU
		{BDBA38DC-C975-3A8A-0BB7-3773780B23EC}.Debug|x64.ActiveCfg = Debug|Any CPU
		{BDBA38DC-C975-3A8A-0BB7-3773780B23EC}.Debug|x64.Build.0 = Debug|Any CPU
		{BDBA38DC-C975-3A8A-0BB7-3773780B23EC}.Debug|x86.ActiveCfg = Debug|Any CPU
		{BDBA38DC-C975-3A8A-0BB7-3773780B23EC}.Debug|x86.Build.0 = Debug|Any CPU
		{BDBA38DC-C975-3A8A-0BB7-3773780B23EC}.Release|Any CPU.ActiveCfg = Release|Any CPU
		{BDBA38DC-C975-3A8A-0BB7-3773780B23EC}.Release|Any CPU.Build.0 = Release|Any CPU
		{BDBA38DC-C975-3A8A-0BB7-3773780B23EC}.Release|x64.ActiveCfg = Release|Any CPU
		{BDBA38DC-C975-3A8A-0BB7-3773780B23EC}.Release|x64.Build.0 = Release|Any CPU
		{BDBA38DC-C975-3A8A-0BB7-3773780B23EC}.Release|x86.ActiveCfg = Release|Any CPU
		{BDBA38DC-C975-3A8A-0BB7-3773780B23EC}.Release|x86.Build.0 = Release|Any CPU
		{97BBEDE1-0A2A-891C-73B2-EA54A07B3BB4}.Debug|Any CPU.ActiveCfg = Debug|Any CPU
		{97BBEDE1-0A2A-891C-73B2-EA54A07B3BB4}.Debug|Any CPU.Build.0 = Debug|Any CPU
		{97BBEDE1-0A2A-891C-73B2-EA54A07B3BB4}.Debug|x64.ActiveCfg = Debug|Any CPU
		{97BBEDE1-0A2A-891C-73B2-EA54A07B3BB4}.Debug|x64.Build.0 = Debug|Any CPU
		{97BBEDE1-0A2A-891C-73B2-EA54A07B3BB4}.Debug|x86.ActiveCfg = Debug|Any CPU
		{97BBEDE1-0A2A-891C-73B2-EA54A07B3BB4}.Debug|x86.Build.0 = Debug|Any CPU
		{97BBEDE1-0A2A-891C-73B2-EA54A07B3BB4}.Release|Any CPU.ActiveCfg = Release|Any CPU
		{97BBEDE1-0A2A-891C-73B2-EA54A07B3BB4}.Release|Any CPU.Build.0 = Release|Any CPU
		{97BBEDE1-0A2A-891C-73B2-EA54A07B3BB4}.Release|x64.ActiveCfg = Release|Any CPU
		{97BBEDE1-0A2A-891C-73B2-EA54A07B3BB4}.Release|x64.Build.0 = Release|Any CPU
		{97BBEDE1-0A2A-891C-73B2-EA54A07B3BB4}.Release|x86.ActiveCfg = Release|Any CPU
		{97BBEDE1-0A2A-891C-73B2-EA54A07B3BB4}.Release|x86.Build.0 = Release|Any CPU
		{57E370F7-DE99-76FF-3275-2C53A4DD8C96}.Debug|Any CPU.ActiveCfg = Debug|Any CPU
		{57E370F7-DE99-76FF-3275-2C53A4DD8C96}.Debug|Any CPU.Build.0 = Debug|Any CPU
		{57E370F7-DE99-76FF-3275-2C53A4DD8C96}.Debug|x64.ActiveCfg = Debug|Any CPU
		{57E370F7-DE99-76FF-3275-2C53A4DD8C96}.Debug|x64.Build.0 = Debug|Any CPU
		{57E370F7-DE99-76FF-3275-2C53A4DD8C96}.Debug|x86.ActiveCfg = Debug|Any CPU
		{57E370F7-DE99-76FF-3275-2C53A4DD8C96}.Debug|x86.Build.0 = Debug|Any CPU
		{57E370F7-DE99-76FF-3275-2C53A4DD8C96}.Release|Any CPU.ActiveCfg = Release|Any CPU
		{57E370F7-DE99-76FF-3275-2C53A4DD8C96}.Release|Any CPU.Build.0 = Release|Any CPU
		{57E370F7-DE99-76FF-3275-2C53A4DD8C96}.Release|x64.ActiveCfg = Release|Any CPU
		{57E370F7-DE99-76FF-3275-2C53A4DD8C96}.Release|x64.Build.0 = Release|Any CPU
		{57E370F7-DE99-76FF-3275-2C53A4DD8C96}.Release|x86.ActiveCfg = Release|Any CPU
		{57E370F7-DE99-76FF-3275-2C53A4DD8C96}.Release|x86.Build.0 = Release|Any CPU
		{AE40B091-0CF1-ABEC-C4CD-A8220B9F8A9F}.Debug|Any CPU.ActiveCfg = Debug|Any CPU
		{AE40B091-0CF1-ABEC-C4CD-A8220B9F8A9F}.Debug|Any CPU.Build.0 = Debug|Any CPU
		{AE40B091-0CF1-ABEC-C4CD-A8220B9F8A9F}.Debug|x64.ActiveCfg = Debug|Any CPU
		{AE40B091-0CF1-ABEC-C4CD-A8220B9F8A9F}.Debug|x64.Build.0 = Debug|Any CPU
		{AE40B091-0CF1-ABEC-C4CD-A8220B9F8A9F}.Debug|x86.ActiveCfg = Debug|Any CPU
		{AE40B091-0CF1-ABEC-C4CD-A8220B9F8A9F}.Debug|x86.Build.0 = Debug|Any CPU
		{AE40B091-0CF1-ABEC-C4CD-A8220B9F8A9F}.Release|Any CPU.ActiveCfg = Release|Any CPU
		{AE40B091-0CF1-ABEC-C4CD-A8220B9F8A9F}.Release|Any CPU.Build.0 = Release|Any CPU
		{AE40B091-0CF1-ABEC-C4CD-A8220B9F8A9F}.Release|x64.ActiveCfg = Release|Any CPU
		{AE40B091-0CF1-ABEC-C4CD-A8220B9F8A9F}.Release|x64.Build.0 = Release|Any CPU
		{AE40B091-0CF1-ABEC-C4CD-A8220B9F8A9F}.Release|x86.ActiveCfg = Release|Any CPU
		{AE40B091-0CF1-ABEC-C4CD-A8220B9F8A9F}.Release|x86.Build.0 = Release|Any CPU
		{82E1A5A9-7603-C79B-7695-8F921DA8FD33}.Debug|Any CPU.ActiveCfg = Debug|Any CPU
		{82E1A5A9-7603-C79B-7695-8F921DA8FD33}.Debug|Any CPU.Build.0 = Debug|Any CPU
		{82E1A5A9-7603-C79B-7695-8F921DA8FD33}.Debug|x64.ActiveCfg = Debug|Any CPU
		{82E1A5A9-7603-C79B-7695-8F921DA8FD33}.Debug|x64.Build.0 = Debug|Any CPU
		{82E1A5A9-7603-C79B-7695-8F921DA8FD33}.Debug|x86.ActiveCfg = Debug|Any CPU
		{82E1A5A9-7603-C79B-7695-8F921DA8FD33}.Debug|x86.Build.0 = Debug|Any CPU
		{82E1A5A9-7603-C79B-7695-8F921DA8FD33}.Release|Any CPU.ActiveCfg = Release|Any CPU
		{82E1A5A9-7603-C79B-7695-8F921DA8FD33}.Release|Any CPU.Build.0 = Release|Any CPU
		{82E1A5A9-7603-C79B-7695-8F921DA8FD33}.Release|x64.ActiveCfg = Release|Any CPU
		{82E1A5A9-7603-C79B-7695-8F921DA8FD33}.Release|x64.Build.0 = Release|Any CPU
		{82E1A5A9-7603-C79B-7695-8F921DA8FD33}.Release|x86.ActiveCfg = Release|Any CPU
		{82E1A5A9-7603-C79B-7695-8F921DA8FD33}.Release|x86.Build.0 = Release|Any CPU
		{8631A0C7-3E13-EA96-0017-7144EF32661B}.Debug|Any CPU.ActiveCfg = Debug|Any CPU
		{8631A0C7-3E13-EA96-0017-7144EF32661B}.Debug|Any CPU.Build.0 = Debug|Any CPU
		{8631A0C7-3E13-EA96-0017-7144EF32661B}.Debug|x64.ActiveCfg = Debug|Any CPU
		{8631A0C7-3E13-EA96-0017-7144EF32661B}.Debug|x64.Build.0 = Debug|Any CPU
		{8631A0C7-3E13-EA96-0017-7144EF32661B}.Debug|x86.ActiveCfg = Debug|Any CPU
		{8631A0C7-3E13-EA96-0017-7144EF32661B}.Debug|x86.Build.0 = Debug|Any CPU
		{8631A0C7-3E13-EA96-0017-7144EF32661B}.Release|Any CPU.ActiveCfg = Release|Any CPU
		{8631A0C7-3E13-EA96-0017-7144EF32661B}.Release|Any CPU.Build.0 = Release|Any CPU
		{8631A0C7-3E13-EA96-0017-7144EF32661B}.Release|x64.ActiveCfg = Release|Any CPU
		{8631A0C7-3E13-EA96-0017-7144EF32661B}.Release|x64.Build.0 = Release|Any CPU
		{8631A0C7-3E13-EA96-0017-7144EF32661B}.Release|x86.ActiveCfg = Release|Any CPU
		{8631A0C7-3E13-EA96-0017-7144EF32661B}.Release|x86.Build.0 = Release|Any CPU
		{D95D1F83-812D-9204-F36F-E4E41C70BA74}.Debug|Any CPU.ActiveCfg = Debug|Any CPU
		{D95D1F83-812D-9204-F36F-E4E41C70BA74}.Debug|Any CPU.Build.0 = Debug|Any CPU
		{D95D1F83-812D-9204-F36F-E4E41C70BA74}.Debug|x64.ActiveCfg = Debug|Any CPU
		{D95D1F83-812D-9204-F36F-E4E41C70BA74}.Debug|x64.Build.0 = Debug|Any CPU
		{D95D1F83-812D-9204-F36F-E4E41C70BA74}.Debug|x86.ActiveCfg = Debug|Any CPU
		{D95D1F83-812D-9204-F36F-E4E41C70BA74}.Debug|x86.Build.0 = Debug|Any CPU
		{D95D1F83-812D-9204-F36F-E4E41C70BA74}.Release|Any CPU.ActiveCfg = Release|Any CPU
		{D95D1F83-812D-9204-F36F-E4E41C70BA74}.Release|Any CPU.Build.0 = Release|Any CPU
		{D95D1F83-812D-9204-F36F-E4E41C70BA74}.Release|x64.ActiveCfg = Release|Any CPU
		{D95D1F83-812D-9204-F36F-E4E41C70BA74}.Release|x64.Build.0 = Release|Any CPU
		{D95D1F83-812D-9204-F36F-E4E41C70BA74}.Release|x86.ActiveCfg = Release|Any CPU
		{D95D1F83-812D-9204-F36F-E4E41C70BA74}.Release|x86.Build.0 = Release|Any CPU
	EndGlobalSection
	GlobalSection(SolutionProperties) = preSolution
		HideSolutionNode = FALSE
	EndGlobalSection
	GlobalSection(NestedProjects) = preSolution
		{1785978C-D7A4-9B83-98F4-66F9C2B5473D} = {827E0CD3-B72D-47B6-A68D-7590B98EB39B}
		{F54761C2-2993-4114-9327-764961A32F84} = {02EA681E-C7D8-13C7-8484-4AC65E1B71E8}
		{02EA681E-C7D8-13C7-8484-4AC65E1B71E8} = {827E0CD3-B72D-47B6-A68D-7590B98EB39B}
		{236B8E51-6F7E-0316-C455-B403AB280991} = {02EA681E-C7D8-13C7-8484-4AC65E1B71E8}
		{CC9112C9-E0D1-715A-04E3-AB2D01635BEA} = {02EA681E-C7D8-13C7-8484-4AC65E1B71E8}
		{281D1571-24E2-165F-F021-A010CD18D8D4} = {02EA681E-C7D8-13C7-8484-4AC65E1B71E8}
		{BDBA38DC-C975-3A8A-0BB7-3773780B23EC} = {02EA681E-C7D8-13C7-8484-4AC65E1B71E8}
		{97BBEDE1-0A2A-891C-73B2-EA54A07B3BB4} = {02EA681E-C7D8-13C7-8484-4AC65E1B71E8}
		{57E370F7-DE99-76FF-3275-2C53A4DD8C96} = {1785978C-D7A4-9B83-98F4-66F9C2B5473D}
		{AE40B091-0CF1-ABEC-C4CD-A8220B9F8A9F} = {1785978C-D7A4-9B83-98F4-66F9C2B5473D}
		{82E1A5A9-7603-C79B-7695-8F921DA8FD33} = {1785978C-D7A4-9B83-98F4-66F9C2B5473D}
		{2BD48ABA-7D9B-4B4A-B0D9-4F78D2027505} = {827E0CD3-B72D-47B6-A68D-7590B98EB39B}
		{8631A0C7-3E13-EA96-0017-7144EF32661B} = {2BD48ABA-7D9B-4B4A-B0D9-4F78D2027505}
		{D95D1F83-812D-9204-F36F-E4E41C70BA74} = {2BD48ABA-7D9B-4B4A-B0D9-4F78D2027505}
	EndGlobalSection
	GlobalSection(ExtensibilityGlobals) = postSolution
		SolutionGuid = {FC3A6582-3A84-4767-AEC7-31BFC29B0960}
	EndGlobalSection
EndGlobal
