
Microsoft Visual Studio Solution File, Format Version 12.00
# Visual Studio Version 17
VisualStudioVersion = 17.0.31903.59
MinimumVisualStudioVersion = 10.0.40219.1
Project("{2150E333-8FDC-42A3-9474-1A3956D46DE8}") = "src", "src", "{827E0CD3-B72D-47B6-A68D-7590B98EB39B}"
EndProject
Project("{2150E333-8FDC-42A3-9474-1A3956D46DE8}") = "Station.Shared", "Station.Shared", "{1785978C-D7A4-9B83-98F4-66F9C2B5473D}"
EndProject
Project("{FAE04EC0-301F-11D3-BF4B-00C04F79EFBC}") = "Station.Desktop.Application", "src\Station.Desktop\Station.Desktop.Application\Station.Desktop.Application.csproj", "{A7EB0CE3-176E-4012-9C9F-5B38967E34CA}"
EndProject
Project("{FAE04EC0-301F-11D3-BF4B-00C04F79EFBC}") = "Station.Desktop", "src\Station.Desktop\Station.Desktop.UI\Station.Desktop.csproj", "{57794F49-DBD4-402C-8303-26EBF5621A00}"
EndProject
Project("{FAE04EC0-301F-11D3-BF4B-00C04F79EFBC}") = "Station.Desktop.WebHost", "src\Station.Desktop\Station.Desktop.WebHost\Station.Desktop.WebHost.csproj", "{F54761C2-2993-4114-9327-764961A32F84}"
EndProject
Project("{2150E333-8FDC-42A3-9474-1A3956D46DE8}") = "Station.Desktop", "Station.Desktop", "{02EA681E-C7D8-13C7-8484-4AC65E1B71E8}"
EndProject
Project("{FAE04EC0-301F-11D3-BF4B-00C04F79EFBC}") = "Station.Contracts", "src\Station.Desktop\Station.Contracts\Station.Contracts.csproj", "{236B8E51-6F7E-0316-C455-B403AB280991}"
EndProject
Project("{FAE04EC0-301F-11D3-BF4B-00C04F79EFBC}") = "Station.Application", "src\Station.Desktop\Station.Application\Station.Application.csproj", "{CC9112C9-E0D1-715A-04E3-AB2D01635BEA}"
EndProject
Project("{FAE04EC0-301F-11D3-BF4B-00C04F79EFBC}") = "Station.Domain", "src\Station.Desktop\Station.Domain\Station.Domain.csproj", "{281D1571-24E2-165F-F021-A010CD18D8D4}"
EndProject
Project("{FAE04EC0-301F-11D3-BF4B-00C04F79EFBC}") = "Station.Infrastructure", "src\Station.Desktop\Station.Infrastructure\Station.Infrastructure.csproj", "{BDBA38DC-C975-3A8A-0BB7-3773780B23EC}"
EndProject
Global
	GlobalSection(SolutionConfigurationPlatforms) = preSolution
		Debug|Any CPU = Debug|Any CPU
		Debug|x64 = Debug|x64
		Debug|x86 = Debug|x86
		Release|Any CPU = Release|Any CPU
		Release|x64 = Release|x64
		Release|x86 = Release|x86
	EndGlobalSection
	GlobalSection(ProjectConfigurationPlatforms) = postSolution
		{A7EB0CE3-176E-4012-9C9F-5B38967E34CA}.Debug|Any CPU.ActiveCfg = Debug|Any CPU
		{A7EB0CE3-176E-4012-9C9F-5B38967E34CA}.Debug|Any CPU.Build.0 = Debug|Any CPU
		{A7EB0CE3-176E-4012-9C9F-5B38967E34CA}.Debug|x64.ActiveCfg = Debug|Any CPU
		{A7EB0CE3-176E-4012-9C9F-5B38967E34CA}.Debug|x64.Build.0 = Debug|Any CPU
		{A7EB0CE3-176E-4012-9C9F-5B38967E34CA}.Debug|x86.ActiveCfg = Debug|Any CPU
		{A7EB0CE3-176E-4012-9C9F-5B38967E34CA}.Debug|x86.Build.0 = Debug|Any CPU
		{A7EB0CE3-176E-4012-9C9F-5B38967E34CA}.Release|Any CPU.ActiveCfg = Release|Any CPU
		{A7EB0CE3-176E-4012-9C9F-5B38967E34CA}.Release|Any CPU.Build.0 = Release|Any CPU
		{A7EB0CE3-176E-4012-9C9F-5B38967E34CA}.Release|x64.ActiveCfg = Release|Any CPU
		{A7EB0CE3-176E-4012-9C9F-5B38967E34CA}.Release|x64.Build.0 = Release|Any CPU
		{A7EB0CE3-176E-4012-9C9F-5B38967E34CA}.Release|x86.ActiveCfg = Release|Any CPU
		{A7EB0CE3-176E-4012-9C9F-5B38967E34CA}.Release|x86.Build.0 = Release|Any CPU
		{57794F49-DBD4-402C-8303-26EBF5621A00}.Debug|Any CPU.ActiveCfg = Debug|Any CPU
		{57794F49-DBD4-402C-8303-26EBF5621A00}.Debug|Any CPU.Build.0 = Debug|Any CPU
		{57794F49-DBD4-402C-8303-26EBF5621A00}.Debug|x64.ActiveCfg = Debug|Any CPU
		{57794F49-DBD4-402C-8303-26EBF5621A00}.Debug|x64.Build.0 = Debug|Any CPU
		{57794F49-DBD4-402C-8303-26EBF5621A00}.Debug|x86.ActiveCfg = Debug|Any CPU
		{57794F49-DBD4-402C-8303-26EBF5621A00}.Debug|x86.Build.0 = Debug|Any CPU
		{57794F49-DBD4-402C-8303-26EBF5621A00}.Release|Any CPU.ActiveCfg = Release|Any CPU
		{57794F49-DBD4-402C-8303-26EBF5621A00}.Release|Any CPU.Build.0 = Release|Any CPU
		{57794F49-DBD4-402C-8303-26EBF5621A00}.Release|x64.ActiveCfg = Release|Any CPU
		{57794F49-DBD4-402C-8303-26EBF5621A00}.Release|x64.Build.0 = Release|Any CPU
		{57794F49-DBD4-402C-8303-26EBF5621A00}.Release|x86.ActiveCfg = Release|Any CPU
		{57794F49-DBD4-402C-8303-26EBF5621A00}.Release|x86.Build.0 = Release|Any CPU
		{F54761C2-2993-4114-9327-764961A32F84}.Debug|Any CPU.ActiveCfg = Debug|Any CPU
		{F54761C2-2993-4114-9327-764961A32F84}.Debug|Any CPU.Build.0 = Debug|Any CPU
		{F54761C2-2993-4114-9327-764961A32F84}.Debug|x64.ActiveCfg = Debug|Any CPU
		{F54761C2-2993-4114-9327-764961A32F84}.Debug|x64.Build.0 = Debug|Any CPU
		{F54761C2-2993-4114-9327-764961A32F84}.Debug|x86.ActiveCfg = Debug|Any CPU
		{F54761C2-2993-4114-9327-764961A32F84}.Debug|x86.Build.0 = Debug|Any CPU
		{F54761C2-2993-4114-9327-764961A32F84}.Release|Any CPU.ActiveCfg = Release|Any CPU
		{F54761C2-2993-4114-9327-764961A32F84}.Release|Any CPU.Build.0 = Release|Any CPU
		{F54761C2-2993-4114-9327-764961A32F84}.Release|x64.ActiveCfg = Release|Any CPU
		{F54761C2-2993-4114-9327-764961A32F84}.Release|x64.Build.0 = Release|Any CPU
		{F54761C2-2993-4114-9327-764961A32F84}.Release|x86.ActiveCfg = Release|Any CPU
		{F54761C2-2993-4114-9327-764961A32F84}.Release|x86.Build.0 = Release|Any CPU
		{236B8E51-6F7E-0316-C455-B403AB280991}.Debug|Any CPU.ActiveCfg = Debug|Any CPU
		{236B8E51-6F7E-0316-C455-B403AB280991}.Debug|Any CPU.Build.0 = Debug|Any CPU
		{236B8E51-6F7E-0316-C455-B403AB280991}.Debug|x64.ActiveCfg = Debug|Any CPU
		{236B8E51-6F7E-0316-C455-B403AB280991}.Debug|x64.Build.0 = Debug|Any CPU
		{236B8E51-6F7E-0316-C455-B403AB280991}.Debug|x86.ActiveCfg = Debug|Any CPU
		{236B8E51-6F7E-0316-C455-B403AB280991}.Debug|x86.Build.0 = Debug|Any CPU
		{236B8E51-6F7E-0316-C455-B403AB280991}.Release|Any CPU.ActiveCfg = Release|Any CPU
		{236B8E51-6F7E-0316-C455-B403AB280991}.Release|Any CPU.Build.0 = Release|Any CPU
		{236B8E51-6F7E-0316-C455-B403AB280991}.Release|x64.ActiveCfg = Release|Any CPU
		{236B8E51-6F7E-0316-C455-B403AB280991}.Release|x64.Build.0 = Release|Any CPU
		{236B8E51-6F7E-0316-C455-B403AB280991}.Release|x86.ActiveCfg = Release|Any CPU
		{236B8E51-6F7E-0316-C455-B403AB280991}.Release|x86.Build.0 = Release|Any CPU
		{CC9112C9-E0D1-715A-04E3-AB2D01635BEA}.Debug|Any CPU.ActiveCfg = Debug|Any CPU
		{CC9112C9-E0D1-715A-04E3-AB2D01635BEA}.Debug|Any CPU.Build.0 = Debug|Any CPU
		{CC9112C9-E0D1-715A-04E3-AB2D01635BEA}.Debug|x64.ActiveCfg = Debug|Any CPU
		{CC9112C9-E0D1-715A-04E3-AB2D01635BEA}.Debug|x64.Build.0 = Debug|Any CPU
		{CC9112C9-E0D1-715A-04E3-AB2D01635BEA}.Debug|x86.ActiveCfg = Debug|Any CPU
		{CC9112C9-E0D1-715A-04E3-AB2D01635BEA}.Debug|x86.Build.0 = Debug|Any CPU
		{CC9112C9-E0D1-715A-04E3-AB2D01635BEA}.Release|Any CPU.ActiveCfg = Release|Any CPU
		{CC9112C9-E0D1-715A-04E3-AB2D01635BEA}.Release|Any CPU.Build.0 = Release|Any CPU
		{CC9112C9-E0D1-715A-04E3-AB2D01635BEA}.Release|x64.ActiveCfg = Release|Any CPU
		{CC9112C9-E0D1-715A-04E3-AB2D01635BEA}.Release|x64.Build.0 = Release|Any CPU
		{CC9112C9-E0D1-715A-04E3-AB2D01635BEA}.Release|x86.ActiveCfg = Release|Any CPU
		{CC9112C9-E0D1-715A-04E3-AB2D01635BEA}.Release|x86.Build.0 = Release|Any CPU
		{281D1571-24E2-165F-F021-A010CD18D8D4}.Debug|Any CPU.ActiveCfg = Debug|Any CPU
		{281D1571-24E2-165F-F021-A010CD18D8D4}.Debug|Any CPU.Build.0 = Debug|Any CPU
		{281D1571-24E2-165F-F021-A010CD18D8D4}.Debug|x64.ActiveCfg = Debug|Any CPU
		{281D1571-24E2-165F-F021-A010CD18D8D4}.Debug|x64.Build.0 = Debug|Any CPU
		{281D1571-24E2-165F-F021-A010CD18D8D4}.Debug|x86.ActiveCfg = Debug|Any CPU
		{281D1571-24E2-165F-F021-A010CD18D8D4}.Debug|x86.Build.0 = Debug|Any CPU
		{281D1571-24E2-165F-F021-A010CD18D8D4}.Release|Any CPU.ActiveCfg = Release|Any CPU
		{281D1571-24E2-165F-F021-A010CD18D8D4}.Release|Any CPU.Build.0 = Release|Any CPU
		{281D1571-24E2-165F-F021-A010CD18D8D4}.Release|x64.ActiveCfg = Release|Any CPU
		{281D1571-24E2-165F-F021-A010CD18D8D4}.Release|x64.Build.0 = Release|Any CPU
		{281D1571-24E2-165F-F021-A010CD18D8D4}.Release|x86.ActiveCfg = Release|Any CPU
		{281D1571-24E2-165F-F021-A010CD18D8D4}.Release|x86.Build.0 = Release|Any CPU
		{BDBA38DC-C975-3A8A-0BB7-3773780B23EC}.Debug|Any CPU.ActiveCfg = Debug|Any CPU
		{BDBA38DC-C975-3A8A-0BB7-3773780B23EC}.Debug|Any CPU.Build.0 = Debug|Any CPU
		{BDBA38DC-C975-3A8A-0BB7-3773780B23EC}.Debug|x64.ActiveCfg = Debug|Any CPU
		{BDBA38DC-C975-3A8A-0BB7-3773780B23EC}.Debug|x64.Build.0 = Debug|Any CPU
		{BDBA38DC-C975-3A8A-0BB7-3773780B23EC}.Debug|x86.ActiveCfg = Debug|Any CPU
		{BDBA38DC-C975-3A8A-0BB7-3773780B23EC}.Debug|x86.Build.0 = Debug|Any CPU
		{BDBA38DC-C975-3A8A-0BB7-3773780B23EC}.Release|Any CPU.ActiveCfg = Release|Any CPU
		{BDBA38DC-C975-3A8A-0BB7-3773780B23EC}.Release|Any CPU.Build.0 = Release|Any CPU
		{BDBA38DC-C975-3A8A-0BB7-3773780B23EC}.Release|x64.ActiveCfg = Release|Any CPU
		{BDBA38DC-C975-3A8A-0BB7-3773780B23EC}.Release|x64.Build.0 = Release|Any CPU
		{BDBA38DC-C975-3A8A-0BB7-3773780B23EC}.Release|x86.ActiveCfg = Release|Any CPU
		{BDBA38DC-C975-3A8A-0BB7-3773780B23EC}.Release|x86.Build.0 = Release|Any CPU
	EndGlobalSection
	GlobalSection(SolutionProperties) = preSolution
		HideSolutionNode = FALSE
	EndGlobalSection
	GlobalSection(NestedProjects) = preSolution
		{1785978C-D7A4-9B83-98F4-66F9C2B5473D} = {827E0CD3-B72D-47B6-A68D-7590B98EB39B}
		{A7EB0CE3-176E-4012-9C9F-5B38967E34CA} = {02EA681E-C7D8-13C7-8484-4AC65E1B71E8}
		{57794F49-DBD4-402C-8303-26EBF5621A00} = {02EA681E-C7D8-13C7-8484-4AC65E1B71E8}
		{F54761C2-2993-4114-9327-764961A32F84} = {02EA681E-C7D8-13C7-8484-4AC65E1B71E8}
		{02EA681E-C7D8-13C7-8484-4AC65E1B71E8} = {827E0CD3-B72D-47B6-A68D-7590B98EB39B}
		{236B8E51-6F7E-0316-C455-B403AB280991} = {02EA681E-C7D8-13C7-8484-4AC65E1B71E8}
		{CC9112C9-E0D1-715A-04E3-AB2D01635BEA} = {02EA681E-C7D8-13C7-8484-4AC65E1B71E8}
		{281D1571-24E2-165F-F021-A010CD18D8D4} = {02EA681E-C7D8-13C7-8484-4AC65E1B71E8}
		{BDBA38DC-C975-3A8A-0BB7-3773780B23EC} = {02EA681E-C7D8-13C7-8484-4AC65E1B71E8}
	EndGlobalSection
	GlobalSection(ExtensibilityGlobals) = postSolution
		SolutionGuid = {FC3A6582-3A84-4767-AEC7-31BFC29B0960}
	EndGlobalSection
EndGlobal
